// !$*UTF8*$!
{
	archiveVersion = 1;
	classes = {
	};
	objectVersion = 52;
	objects = {

/* Begin PBXBuildFile section */
		CB1FD4962046984F00931B5F /* libMMKV.mm in Sources */ = {isa = PBXBuildFile; fileRef = CB1FD4952046984F00931B5F /* libMMKV.mm */; };
		CB1FD4972046984F00931B5F /* MMKV.h in CopyFiles */ = {isa = PBXBuildFile; fileRef = CB1FD4942046984F00931B5F /* MMKV.h */; };
		CB1FD4CD2046ACBC00931B5F /* Foundation.framework in Frameworks */ = {isa = PBXBuildFile; fileRef = CB1FD4CC2046ACBC00931B5F /* Foundation.framework */; };
		CB6F6C0223ACCF53000351EA /* libCore.a in Frameworks */ = {isa = PBXBuildFile; fileRef = CB6F6C0123ACCF47000351EA /* libCore.a */; };
		CB6F6C0523ACCF62000351EA /* libCore.a in Frameworks */ = {isa = PBXBuildFile; fileRef = CB6F6C0123ACCF47000351EA /* libCore.a */; };
		CBC1A90220DA948A00AD5087 /* libMMKV.mm in Sources */ = {isa = PBXBuildFile; fileRef = CB1FD4952046984F00931B5F /* libMMKV.mm */; };
		CBC1A90620DA94B900AD5087 /* Foundation.framework in Frameworks */ = {isa = PBXBuildFile; fileRef = CB1FD4CC2046ACBC00931B5F /* Foundation.framework */; };
		CBC1A90C20DA97DF00AD5087 /* MMKV.h in Headers */ = {isa = PBXBuildFile; fileRef = CB1FD4942046984F00931B5F /* MMKV.h */; settings = {ATTRIBUTES = (Public, ); }; };
		CBD5358823B46D0D00D3A404 /* libMMKV.mm in Sources */ = {isa = PBXBuildFile; fileRef = CB1FD4952046984F00931B5F /* libMMKV.mm */; platformFilter = ios; };
		CBD5358923B46D3400D3A404 /* libCore.a in Frameworks */ = {isa = PBXBuildFile; fileRef = CB6F6C0123ACCF47000351EA /* libCore.a */; };
		CBD5358A23B46D3F00D3A404 /* Foundation.framework in Frameworks */ = {isa = PBXBuildFile; fileRef = CB1FD4CC2046ACBC00931B5F /* Foundation.framework */; };
		CBDF32902192C0000028DB4D /* MMKVHandler.h in Headers */ = {isa = PBXBuildFile; fileRef = CBDF328F2192C0000028DB4D /* MMKVHandler.h */; settings = {ATTRIBUTES = (Public, ); }; };
		CBDF32912192C0340028DB4D /* MMKVHandler.h in CopyFiles */ = {isa = PBXBuildFile; fileRef = CBDF328F2192C0000028DB4D /* MMKVHandler.h */; };
/* End PBXBuildFile section */

/* Begin PBXContainerItemProxy section */
		CB6F6C0023ACCF47000351EA /* PBXContainerItemProxy */ = {
			isa = PBXContainerItemProxy;
			containerPortal = CB6F6BFC23ACCF47000351EA /* Core.xcodeproj */;
			proxyType = 2;
			remoteGlobalIDString = CB9563D823AB2D9500ACCD39;
			remoteInfo = Core;
		};
		CB6F6C0323ACCF58000351EA /* PBXContainerItemProxy */ = {
			isa = PBXContainerItemProxy;
			containerPortal = CB6F6BFC23ACCF47000351EA /* Core.xcodeproj */;
			proxyType = 1;
			remoteGlobalIDString = CB9563D723AB2D9500ACCD39;
			remoteInfo = Core;
		};
		CB6F6C0623ACCF65000351EA /* PBXContainerItemProxy */ = {
			isa = PBXContainerItemProxy;
			containerPortal = CB6F6BFC23ACCF47000351EA /* Core.xcodeproj */;
			proxyType = 1;
			remoteGlobalIDString = CB9563D723AB2D9500ACCD39;
			remoteInfo = Core;
		};
		CBD5359423B46EB300D3A404 /* PBXContainerItemProxy */ = {
			isa = PBXContainerItemProxy;
			containerPortal = CB6F6BFC23ACCF47000351EA /* Core.xcodeproj */;
			proxyType = 1;
			remoteGlobalIDString = CB9563D723AB2D9500ACCD39;
			remoteInfo = Core;
		};
		CBF344FD23B4A3E300168AC7 /* PBXContainerItemProxy */ = {
			isa = PBXContainerItemProxy;
			containerPortal = CB1FD4892046984F00931B5F /* Project object */;
			proxyType = 1;
			remoteGlobalIDString = CB1FD4902046984F00931B5F;
			remoteInfo = "MMKV Static";
		};
/* End PBXContainerItemProxy section */

/* Begin PBXCopyFilesBuildPhase section */
		CB1FD48F2046984F00931B5F /* CopyFiles */ = {
			isa = PBXCopyFilesBuildPhase;
			buildActionMask = 2147483647;
			dstPath = include/MMKV;
			dstSubfolderSpec = 16;
			files = (
				CBDF32912192C0340028DB4D /* MMKVHandler.h in CopyFiles */,
				CB1FD4972046984F00931B5F /* MMKV.h in CopyFiles */,
			);
			runOnlyForDeploymentPostprocessing = 0;
		};
		CBD5357D23B46CE500D3A404 /* Copy Files */ = {
			isa = PBXCopyFilesBuildPhase;
			buildActionMask = 2147483647;
			dstPath = include/MMKV;
			dstSubfolderSpec = 16;
			files = (
			);
			name = "Copy Files";
			runOnlyForDeploymentPostprocessing = 0;
		};
/* End PBXCopyFilesBuildPhase section */

/* Begin PBXFileReference section */
		CB1FD4912046984F00931B5F /* libMMKV Static.a */ = {isa = PBXFileReference; explicitFileType = archive.ar; includeInIndex = 0; path = "libMMKV Static.a"; sourceTree = BUILT_PRODUCTS_DIR; };
		CB1FD4942046984F00931B5F /* MMKV.h */ = {isa = PBXFileReference; lastKnownFileType = sourcecode.c.h; path = MMKV.h; sourceTree = "<group>"; };
		CB1FD4952046984F00931B5F /* libMMKV.mm */ = {isa = PBXFileReference; lastKnownFileType = sourcecode.cpp.objcpp; path = libMMKV.mm; sourceTree = "<group>"; };
		CB1FD4CC2046ACBC00931B5F /* Foundation.framework */ = {isa = PBXFileReference; lastKnownFileType = wrapper.framework; name = Foundation.framework; path = System/Library/Frameworks/Foundation.framework; sourceTree = SDKROOT; };
		CB1FD4CE2046ACC100931B5F /* UIKit.framework */ = {isa = PBXFileReference; lastKnownFileType = wrapper.framework; name = UIKit.framework; path = System/Library/Frameworks/UIKit.framework; sourceTree = SDKROOT; };
		CB6F6BFC23ACCF47000351EA /* Core.xcodeproj */ = {isa = PBXFileReference; lastKnownFileType = "wrapper.pb-project"; name = Core.xcodeproj; path = ../../Core/Core.xcodeproj; sourceTree = "<group>"; };
		CBC1A8F620DA946200AD5087 /* MMKV.framework */ = {isa = PBXFileReference; explicitFileType = wrapper.framework; includeInIndex = 0; path = MMKV.framework; sourceTree = BUILT_PRODUCTS_DIR; };
		CBC1A90320DA94A000AD5087 /* libz.tbd */ = {isa = PBXFileReference; lastKnownFileType = "sourcecode.text-based-dylib-definition"; name = libz.tbd; path = usr/lib/libz.tbd; sourceTree = SDKROOT; };
		CBC1A90A20DA95E100AD5087 /* Info.plist */ = {isa = PBXFileReference; fileEncoding = 4; lastKnownFileType = text.plist.xml; path = Info.plist; sourceTree = "<group>"; };
		CBD5357F23B46CE500D3A404 /* libMMKV For App Extension.a */ = {isa = PBXFileReference; explicitFileType = archive.ar; includeInIndex = 0; path = "libMMKV For App Extension.a"; sourceTree = BUILT_PRODUCTS_DIR; };
		CBDF328F2192C0000028DB4D /* MMKVHandler.h */ = {isa = PBXFileReference; lastKnownFileType = sourcecode.c.h; path = MMKVHandler.h; sourceTree = "<group>"; };
/* End PBXFileReference section */

/* Begin PBXFrameworksBuildPhase section */
		CB1FD48E2046984F00931B5F /* Frameworks */ = {
			isa = PBXFrameworksBuildPhase;
			buildActionMask = 2147483647;
			files = (
				CB6F6C0223ACCF53000351EA /* libCore.a in Frameworks */,
				CB1FD4CD2046ACBC00931B5F /* Foundation.framework in Frameworks */,
			);
			runOnlyForDeploymentPostprocessing = 0;
		};
		CBC1A8F220DA946200AD5087 /* Frameworks */ = {
			isa = PBXFrameworksBuildPhase;
			buildActionMask = 2147483647;
			files = (
				CB6F6C0523ACCF62000351EA /* libCore.a in Frameworks */,
				CBC1A90620DA94B900AD5087 /* Foundation.framework in Frameworks */,
			);
			runOnlyForDeploymentPostprocessing = 0;
		};
		CBD5357C23B46CE500D3A404 /* Frameworks */ = {
			isa = PBXFrameworksBuildPhase;
			buildActionMask = 2147483647;
			files = (
				CBD5358A23B46D3F00D3A404 /* Foundation.framework in Frameworks */,
				CBD5358923B46D3400D3A404 /* libCore.a in Frameworks */,
			);
			runOnlyForDeploymentPostprocessing = 0;
		};
/* End PBXFrameworksBuildPhase section */

/* Begin PBXGroup section */
		CB1FD4882046984F00931B5F = {
			isa = PBXGroup;
			children = (
				CB6F6BFC23ACCF47000351EA /* Core.xcodeproj */,
				CB1FD4932046984F00931B5F /* MMKV */,
				CB1FD4922046984F00931B5F /* Products */,
				CB1FD4C92046ACB200931B5F /* Frameworks */,
			);
			sourceTree = "<group>";
		};
		CB1FD4922046984F00931B5F /* Products */ = {
			isa = PBXGroup;
			children = (
				CB1FD4912046984F00931B5F /* libMMKV Static.a */,
				CBC1A8F620DA946200AD5087 /* MMKV.framework */,
				CBD5357F23B46CE500D3A404 /* libMMKV For App Extension.a */,
			);
			name = Products;
			sourceTree = "<group>";
		};
		CB1FD4932046984F00931B5F /* MMKV */ = {
			isa = PBXGroup;
			children = (
				CB1FD4942046984F00931B5F /* MMKV.h */,
				CB1FD4952046984F00931B5F /* libMMKV.mm */,
				CBDF328F2192C0000028DB4D /* MMKVHandler.h */,
				CBC1A90720DA959400AD5087 /* Resources */,
			);
			path = MMKV;
			sourceTree = "<group>";
		};
		CB1FD4C92046ACB200931B5F /* Frameworks */ = {
			isa = PBXGroup;
			children = (
				CBC1A90320DA94A000AD5087 /* libz.tbd */,
				CB1FD4CE2046ACC100931B5F /* UIKit.framework */,
				CB1FD4CC2046ACBC00931B5F /* Foundation.framework */,
			);
			name = Frameworks;
			sourceTree = "<group>";
		};
		CB6F6BFD23ACCF47000351EA /* Products */ = {
			isa = PBXGroup;
			children = (
				CB6F6C0123ACCF47000351EA /* libCore.a */,
			);
			name = Products;
			sourceTree = "<group>";
		};
		CBC1A90720DA959400AD5087 /* Resources */ = {
			isa = PBXGroup;
			children = (
				CBC1A90A20DA95E100AD5087 /* Info.plist */,
			);
			path = Resources;
			sourceTree = "<group>";
		};
/* End PBXGroup section */

/* Begin PBXHeadersBuildPhase section */
		CBC1A8F320DA946200AD5087 /* Headers */ = {
			isa = PBXHeadersBuildPhase;
			buildActionMask = 2147483647;
			files = (
				CBDF32902192C0000028DB4D /* MMKVHandler.h in Headers */,
				CBC1A90C20DA97DF00AD5087 /* MMKV.h in Headers */,
			);
			runOnlyForDeploymentPostprocessing = 0;
		};
/* End PBXHeadersBuildPhase section */

/* Begin PBXNativeTarget section */
		CB1FD4902046984F00931B5F /* MMKV Static */ = {
			isa = PBXNativeTarget;
			buildConfigurationList = CB1FD49A2046984F00931B5F /* Build configuration list for PBXNativeTarget "MMKV Static" */;
			buildPhases = (
				CB1FD48D2046984F00931B5F /* Sources */,
				CB1FD48E2046984F00931B5F /* Frameworks */,
				CB1FD48F2046984F00931B5F /* CopyFiles */,
			);
			buildRules = (
			);
			dependencies = (
				CB6F6C0423ACCF58000351EA /* PBXTargetDependency */,
			);
			name = "MMKV Static";
			productName = MMKV;
			productReference = CB1FD4912046984F00931B5F /* libMMKV Static.a */;
			productType = "com.apple.product-type.library.static";
		};
		CBC1A8F520DA946200AD5087 /* MMKV */ = {
			isa = PBXNativeTarget;
			buildConfigurationList = CBC1A8FB20DA946200AD5087 /* Build configuration list for PBXNativeTarget "MMKV" */;
			buildPhases = (
				CBC1A8F120DA946200AD5087 /* Sources */,
				CBC1A8F220DA946200AD5087 /* Frameworks */,
				CBC1A8F320DA946200AD5087 /* Headers */,
				CBC1A8F420DA946200AD5087 /* Resources */,
			);
			buildRules = (
			);
			dependencies = (
				CB6F6C0723ACCF65000351EA /* PBXTargetDependency */,
			);
			name = MMKV;
			productName = MMKV;
			productReference = CBC1A8F620DA946200AD5087 /* MMKV.framework */;
			productType = "com.apple.product-type.framework";
		};
		CBD5357E23B46CE500D3A404 /* MMKV For App Extension */ = {
			isa = PBXNativeTarget;
			buildConfigurationList = CBD5358723B46CE500D3A404 /* Build configuration list for PBXNativeTarget "MMKV For App Extension" */;
			buildPhases = (
				CBD5357B23B46CE500D3A404 /* Sources */,
				CBD5357C23B46CE500D3A404 /* Frameworks */,
				CBD5357D23B46CE500D3A404 /* Copy Files */,
			);
			buildRules = (
			);
			dependencies = (
				CBF344FE23B4A3E300168AC7 /* PBXTargetDependency */,
				CBD5359523B46EB300D3A404 /* PBXTargetDependency */,
			);
			name = "MMKV For App Extension";
			productName = "MMKV For App Extension";
			productReference = CBD5357F23B46CE500D3A404 /* libMMKV For App Extension.a */;
			productType = "com.apple.product-type.library.static";
		};
/* End PBXNativeTarget section */

/* Begin PBXProject section */
		CB1FD4892046984F00931B5F /* Project object */ = {
			isa = PBXProject;
			attributes = {
				LastUpgradeCheck = 0940;
				ORGANIZATIONNAME = Lingol;
				TargetAttributes = {
					CB1FD4902046984F00931B5F = {
						CreatedOnToolsVersion = 9.2;
						ProvisioningStyle = Automatic;
					};
					CBC1A8F520DA946200AD5087 = {
						CreatedOnToolsVersion = 9.4.1;
						ProvisioningStyle = Automatic;
					};
					CBD5357E23B46CE500D3A404 = {
						CreatedOnToolsVersion = 11.3;
					};
				};
			};
			buildConfigurationList = CB1FD48C2046984F00931B5F /* Build configuration list for PBXProject "MMKV" */;
			compatibilityVersion = "Xcode 8.0";
			developmentRegion = en;
			hasScannedForEncodings = 0;
			knownRegions = (
				en,
				Base,
			);
			mainGroup = CB1FD4882046984F00931B5F;
			productRefGroup = CB1FD4922046984F00931B5F /* Products */;
			projectDirPath = "";
			projectReferences = (
				{
					ProductGroup = CB6F6BFD23ACCF47000351EA /* Products */;
					ProjectRef = CB6F6BFC23ACCF47000351EA /* Core.xcodeproj */;
				},
			);
			projectRoot = "";
			targets = (
				CB1FD4902046984F00931B5F /* MMKV Static */,
				CBC1A8F520DA946200AD5087 /* MMKV */,
				CBD5357E23B46CE500D3A404 /* MMKV For App Extension */,
			);
		};
/* End PBXProject section */

/* Begin PBXReferenceProxy section */
		CB6F6C0123ACCF47000351EA /* libCore.a */ = {
			isa = PBXReferenceProxy;
			fileType = archive.ar;
			path = libCore.a;
			remoteRef = CB6F6C0023ACCF47000351EA /* PBXContainerItemProxy */;
			sourceTree = BUILT_PRODUCTS_DIR;
		};
/* End PBXReferenceProxy section */

/* Begin PBXResourcesBuildPhase section */
		CBC1A8F420DA946200AD5087 /* Resources */ = {
			isa = PBXResourcesBuildPhase;
			buildActionMask = 2147483647;
			files = (
			);
			runOnlyForDeploymentPostprocessing = 0;
		};
/* End PBXResourcesBuildPhase section */

/* Begin PBXSourcesBuildPhase section */
		CB1FD48D2046984F00931B5F /* Sources */ = {
			isa = PBXSourcesBuildPhase;
			buildActionMask = 2147483647;
			files = (
				CB1FD4962046984F00931B5F /* libMMKV.mm in Sources */,
			);
			runOnlyForDeploymentPostprocessing = 0;
		};
		CBC1A8F120DA946200AD5087 /* Sources */ = {
			isa = PBXSourcesBuildPhase;
			buildActionMask = 2147483647;
			files = (
				CBC1A90220DA948A00AD5087 /* libMMKV.mm in Sources */,
			);
			runOnlyForDeploymentPostprocessing = 0;
		};
		CBD5357B23B46CE500D3A404 /* Sources */ = {
			isa = PBXSourcesBuildPhase;
			buildActionMask = 2147483647;
			files = (
				CBD5358823B46D0D00D3A404 /* libMMKV.mm in Sources */,
			);
			runOnlyForDeploymentPostprocessing = 0;
		};
/* End PBXSourcesBuildPhase section */

/* Begin PBXTargetDependency section */
		CB6F6C0423ACCF58000351EA /* PBXTargetDependency */ = {
			isa = PBXTargetDependency;
			name = Core;
			targetProxy = CB6F6C0323ACCF58000351EA /* PBXContainerItemProxy */;
		};
		CB6F6C0723ACCF65000351EA /* PBXTargetDependency */ = {
			isa = PBXTargetDependency;
			name = Core;
			targetProxy = CB6F6C0623ACCF65000351EA /* PBXContainerItemProxy */;
		};
		CBD5359523B46EB300D3A404 /* PBXTargetDependency */ = {
			isa = PBXTargetDependency;
			name = Core;
			targetProxy = CBD5359423B46EB300D3A404 /* PBXContainerItemProxy */;
		};
		CBF344FE23B4A3E300168AC7 /* PBXTargetDependency */ = {
			isa = PBXTargetDependency;
			target = CB1FD4902046984F00931B5F /* MMKV Static */;
			targetProxy = CBF344FD23B4A3E300168AC7 /* PBXContainerItemProxy */;
		};
/* End PBXTargetDependency section */

/* Begin XCBuildConfiguration section */
		CB1FD4982046984F00931B5F /* Debug */ = {
			isa = XCBuildConfiguration;
			buildSettings = {
				ALWAYS_SEARCH_USER_PATHS = NO;
				CLANG_ANALYZER_NONNULL = YES;
				CLANG_ANALYZER_NUMBER_OBJECT_CONVERSION = YES_AGGRESSIVE;
				CLANG_CXX_LANGUAGE_STANDARD = "gnu++17";
				CLANG_CXX_LIBRARY = "libc++";
				CLANG_ENABLE_MODULES = YES;
				CLANG_ENABLE_OBJC_ARC = YES;
				CLANG_WARN_BLOCK_CAPTURE_AUTORELEASING = YES;
				CLANG_WARN_BOOL_CONVERSION = YES;
				CLANG_WARN_COMMA = YES;
				CLANG_WARN_CONSTANT_CONVERSION = YES;
				CLANG_WARN_DEPRECATED_OBJC_IMPLEMENTATIONS = YES;
				CLANG_WARN_DIRECT_OBJC_ISA_USAGE = YES_ERROR;
				CLANG_WARN_DOCUMENTATION_COMMENTS = YES;
				CLANG_WARN_EMPTY_BODY = YES;
				CLANG_WARN_ENUM_CONVERSION = YES;
				CLANG_WARN_INFINITE_RECURSION = YES;
				CLANG_WARN_INT_CONVERSION = YES;
				CLANG_WARN_NON_LITERAL_NULL_CONVERSION = YES;
				CLANG_WARN_OBJC_IMPLICIT_RETAIN_SELF = YES;
				CLANG_WARN_OBJC_LITERAL_CONVERSION = YES;
				CLANG_WARN_OBJC_ROOT_CLASS = YES_ERROR;
				CLANG_WARN_RANGE_LOOP_ANALYSIS = YES;
				CLANG_WARN_STRICT_PROTOTYPES = YES;
				CLANG_WARN_SUSPICIOUS_MOVE = YES;
				CLANG_WARN_UNGUARDED_AVAILABILITY = YES_AGGRESSIVE;
				CLANG_WARN_UNREACHABLE_CODE = YES;
				CLANG_WARN__DUPLICATE_METHOD_MATCH = YES;
				CODE_SIGN_IDENTITY = "iPhone Developer";
				COPY_PHASE_STRIP = NO;
				DEBUG_INFORMATION_FORMAT = dwarf;
				ENABLE_STRICT_OBJC_MSGSEND = YES;
				ENABLE_TESTABILITY = YES;
				GCC_C_LANGUAGE_STANDARD = gnu11;
				GCC_DYNAMIC_NO_PIC = NO;
				GCC_NO_COMMON_BLOCKS = YES;
				GCC_OPTIMIZATION_LEVEL = 0;
				GCC_PREPROCESSOR_DEFINITIONS = (
					"DEBUG=1",
					"$(inherited)",
				);
				GCC_WARN_64_TO_32_BIT_CONVERSION = YES;
				GCC_WARN_ABOUT_RETURN_TYPE = YES_ERROR;
				GCC_WARN_UNDECLARED_SELECTOR = YES;
				GCC_WARN_UNINITIALIZED_AUTOS = YES_AGGRESSIVE;
				GCC_WARN_UNUSED_FUNCTION = YES;
				GCC_WARN_UNUSED_VARIABLE = YES;
				IPHONEOS_DEPLOYMENT_TARGET = 8.0;
				MACOSX_DEPLOYMENT_TARGET = 10.9;
				MTL_ENABLE_DEBUG_INFO = YES;
				ONLY_ACTIVE_ARCH = YES;
				SUPPORTED_PLATFORMS = "iphonesimulator iphoneos macosx";
				VALID_ARCHS = "arm64 armv7 x86_64";
				"VALID_ARCHS[sdk=iphoneos*]" = "arm64 armv7";
				"VALID_ARCHS[sdk=macosx*]" = x86_64;
			};
			name = Debug;
		};
		CB1FD4992046984F00931B5F /* Release */ = {
			isa = XCBuildConfiguration;
			buildSettings = {
				ALWAYS_SEARCH_USER_PATHS = NO;
				CLANG_ANALYZER_NONNULL = YES;
				CLANG_ANALYZER_NUMBER_OBJECT_CONVERSION = YES_AGGRESSIVE;
				CLANG_CXX_LANGUAGE_STANDARD = "gnu++17";
				CLANG_CXX_LIBRARY = "libc++";
				CLANG_ENABLE_MODULES = YES;
				CLANG_ENABLE_OBJC_ARC = YES;
				CLANG_WARN_BLOCK_CAPTURE_AUTORELEASING = YES;
				CLANG_WARN_BOOL_CONVERSION = YES;
				CLANG_WARN_COMMA = YES;
				CLANG_WARN_CONSTANT_CONVERSION = YES;
				CLANG_WARN_DEPRECATED_OBJC_IMPLEMENTATIONS = YES;
				CLANG_WARN_DIRECT_OBJC_ISA_USAGE = YES_ERROR;
				CLANG_WARN_DOCUMENTATION_COMMENTS = YES;
				CLANG_WARN_EMPTY_BODY = YES;
				CLANG_WARN_ENUM_CONVERSION = YES;
				CLANG_WARN_INFINITE_RECURSION = YES;
				CLANG_WARN_INT_CONVERSION = YES;
				CLANG_WARN_NON_LITERAL_NULL_CONVERSION = YES;
				CLANG_WARN_OBJC_IMPLICIT_RETAIN_SELF = YES;
				CLANG_WARN_OBJC_LITERAL_CONVERSION = YES;
				CLANG_WARN_OBJC_ROOT_CLASS = YES_ERROR;
				CLANG_WARN_RANGE_LOOP_ANALYSIS = YES;
				CLANG_WARN_STRICT_PROTOTYPES = YES;
				CLANG_WARN_SUSPICIOUS_MOVE = YES;
				CLANG_WARN_UNGUARDED_AVAILABILITY = YES_AGGRESSIVE;
				CLANG_WARN_UNREACHABLE_CODE = YES;
				CLANG_WARN__DUPLICATE_METHOD_MATCH = YES;
				CODE_SIGN_IDENTITY = "iPhone Developer";
				COPY_PHASE_STRIP = NO;
				DEBUG_INFORMATION_FORMAT = "dwarf-with-dsym";
				ENABLE_NS_ASSERTIONS = NO;
				ENABLE_STRICT_OBJC_MSGSEND = YES;
				GCC_C_LANGUAGE_STANDARD = gnu11;
				GCC_NO_COMMON_BLOCKS = YES;
				GCC_PREPROCESSOR_DEFINITIONS = "NDEBUG=1";
				GCC_WARN_64_TO_32_BIT_CONVERSION = YES;
				GCC_WARN_ABOUT_RETURN_TYPE = YES_ERROR;
				GCC_WARN_UNDECLARED_SELECTOR = YES;
				GCC_WARN_UNINITIALIZED_AUTOS = YES_AGGRESSIVE;
				GCC_WARN_UNUSED_FUNCTION = YES;
				GCC_WARN_UNUSED_VARIABLE = YES;
				IPHONEOS_DEPLOYMENT_TARGET = 8.0;
				MACOSX_DEPLOYMENT_TARGET = 10.9;
				MTL_ENABLE_DEBUG_INFO = NO;
				SUPPORTED_PLATFORMS = "iphonesimulator iphoneos macosx";
				VALIDATE_PRODUCT = YES;
				VALID_ARCHS = "arm64 armv7 x86_64";
				"VALID_ARCHS[sdk=iphoneos*]" = "arm64 armv7";
				"VALID_ARCHS[sdk=macosx*]" = x86_64;
			};
			name = Release;
		};
		CB1FD49B2046984F00931B5F /* Debug */ = {
			isa = XCBuildConfiguration;
			buildSettings = {
				CODE_SIGN_STYLE = Automatic;
				MACOSX_DEPLOYMENT_TARGET = 10.9;
				OTHER_LDFLAGS = "-ObjC";
				"OTHER_LDFLAGS[sdk=iphoneos*]" = (
					"-ObjC",
					"-framework",
					UIKit,
				);
				"OTHER_LDFLAGS[sdk=iphonesimulator*]" = (
					"-ObjC",
					"-framework",
					UIKit,
				);
				PRODUCT_NAME = "$(TARGET_NAME)";
				SKIP_INSTALL = YES;
				TARGETED_DEVICE_FAMILY = "1,2";
				VALID_ARCHS = "arm64 armv7";
				"VALID_ARCHS[sdk=iphonesimulator*]" = x86_64;
				"VALID_ARCHS[sdk=macosx*]" = x86_64;
			};
			name = Debug;
		};
		CB1FD49C2046984F00931B5F /* Release */ = {
			isa = XCBuildConfiguration;
			buildSettings = {
				CODE_SIGN_STYLE = Automatic;
				MACOSX_DEPLOYMENT_TARGET = 10.9;
				OTHER_LDFLAGS = "-ObjC";
				"OTHER_LDFLAGS[sdk=iphoneos*]" = (
					"-ObjC",
					"-framework",
					UIKit,
				);
				"OTHER_LDFLAGS[sdk=iphonesimulator*]" = (
					"-ObjC",
					"-framework",
					UIKit,
				);
				PRODUCT_NAME = "$(TARGET_NAME)";
				SKIP_INSTALL = YES;
				TARGETED_DEVICE_FAMILY = "1,2";
				VALID_ARCHS = "arm64 armv7";
				"VALID_ARCHS[sdk=macosx*]" = x86_64;
			};
			name = Release;
		};
		CBC1A8FC20DA946200AD5087 /* Debug */ = {
			isa = XCBuildConfiguration;
			buildSettings = {
				CLANG_CXX_LANGUAGE_STANDARD = "gnu++17";
				CLANG_ENABLE_OBJC_WEAK = YES;
				CLANG_WARN_DEPRECATED_OBJC_IMPLEMENTATIONS = YES;
				CLANG_WARN_OBJC_IMPLICIT_RETAIN_SELF = YES;
				CODE_SIGN_IDENTITY = "";
				CODE_SIGN_STYLE = Automatic;
				CURRENT_PROJECT_VERSION = 1;
				DEFINES_MODULE = YES;
				DYLIB_COMPATIBILITY_VERSION = 1;
				DYLIB_CURRENT_VERSION = 1;
				DYLIB_INSTALL_NAME_BASE = "@rpath";
				GENERATE_MASTER_OBJECT_FILE = NO;
				INFOPLIST_FILE = "$(SRCROOT)/MMKV/Resources/Info.plist";
				INSTALL_PATH = "$(LOCAL_LIBRARY_DIR)/Frameworks";
				IPHONEOS_DEPLOYMENT_TARGET = 8.0;
				LD_RUNPATH_SEARCH_PATHS = (
					"$(inherited)",
					"@executable_path/Frameworks",
					"@loader_path/Frameworks",
				);
				MACOSX_DEPLOYMENT_TARGET = 10.9;
				MARKETING_VERSION = 1.0.24;
				"OTHER_LDFLAGS[sdk=iphoneos*]" = (
					"-framework",
					UIKit,
				);
				"OTHER_LDFLAGS[sdk=iphonesimulator*]" = (
					"-framework",
					UIKit,
				);
				PRODUCT_BUNDLE_IDENTIFIER = com.tencent.MMKV;
				PRODUCT_NAME = "$(TARGET_NAME:c99extidentifier)";
				SKIP_INSTALL = YES;
				TARGETED_DEVICE_FAMILY = "1,2";
				VALID_ARCHS = "arm64 armv7";
				"VALID_ARCHS[sdk=macosx*]" = x86_64;
				VERSIONING_SYSTEM = "apple-generic";
				VERSION_INFO_PREFIX = "";
			};
			name = Debug;
		};
		CBC1A8FD20DA946200AD5087 /* Release */ = {
			isa = XCBuildConfiguration;
			buildSettings = {
				CLANG_CXX_LANGUAGE_STANDARD = "gnu++17";
				CLANG_ENABLE_OBJC_WEAK = YES;
				CLANG_WARN_DEPRECATED_OBJC_IMPLEMENTATIONS = YES;
				CLANG_WARN_OBJC_IMPLICIT_RETAIN_SELF = YES;
				CODE_SIGN_IDENTITY = "";
				CODE_SIGN_STYLE = Automatic;
				CURRENT_PROJECT_VERSION = 1;
				DEFINES_MODULE = YES;
				DYLIB_COMPATIBILITY_VERSION = 1;
				DYLIB_CURRENT_VERSION = 1;
				DYLIB_INSTALL_NAME_BASE = "@rpath";
				GENERATE_MASTER_OBJECT_FILE = NO;
				INFOPLIST_FILE = "$(SRCROOT)/MMKV/Resources/Info.plist";
				INSTALL_PATH = "$(LOCAL_LIBRARY_DIR)/Frameworks";
				IPHONEOS_DEPLOYMENT_TARGET = 8.0;
				LD_RUNPATH_SEARCH_PATHS = (
					"$(inherited)",
					"@executable_path/Frameworks",
					"@loader_path/Frameworks",
				);
				MACOSX_DEPLOYMENT_TARGET = 10.9;
				MARKETING_VERSION = 1.0.24;
				"OTHER_LDFLAGS[sdk=iphoneos*]" = (
					"-framework",
					UIKit,
				);
				"OTHER_LDFLAGS[sdk=iphonesimulator*]" = (
					"-framework",
					UIKit,
				);
				PRODUCT_BUNDLE_IDENTIFIER = com.tencent.MMKV;
				PRODUCT_NAME = "$(TARGET_NAME:c99extidentifier)";
				SKIP_INSTALL = YES;
				TARGETED_DEVICE_FAMILY = "1,2";
				VALID_ARCHS = "arm64 armv7";
				"VALID_ARCHS[sdk=macosx*]" = x86_64;
				VERSIONING_SYSTEM = "apple-generic";
				VERSION_INFO_PREFIX = "";
			};
			name = Release;
		};
		CBD5358523B46CE500D3A404 /* Debug */ = {
			isa = XCBuildConfiguration;
			buildSettings = {
				CLANG_CXX_LANGUAGE_STANDARD = "gnu++17";
				CLANG_ENABLE_OBJC_WEAK = YES;
				CODE_SIGN_STYLE = Automatic;
				GCC_PREPROCESSOR_DEFINITIONS = (
					"$(inherited)",
					MMKV_IOS_EXTENSION,
				);
				IPHONEOS_DEPLOYMENT_TARGET = 8.0;
				MTL_ENABLE_DEBUG_INFO = INCLUDE_SOURCE;
				MTL_FAST_MATH = YES;
				OTHER_LDFLAGS = "-ObjC";
				PRODUCT_NAME = "$(TARGET_NAME)";
				SDKROOT = iphoneos;
				SKIP_INSTALL = YES;
				SUPPORTED_PLATFORMS = "iphonesimulator iphoneos";
				TARGETED_DEVICE_FAMILY = "1,2";
				VALID_ARCHS = "arm64 x86_64";
				"VALID_ARCHS[sdk=iphoneos*]" = arm64;
				"VALID_ARCHS[sdk=iphonesimulator*]" = x86_64;
			};
			name = Debug;
		};
		CBD5358623B46CE500D3A404 /* Release */ = {
			isa = XCBuildConfiguration;
			buildSettings = {
				CLANG_CXX_LANGUAGE_STANDARD = "gnu++17";
				CLANG_ENABLE_OBJC_WEAK = YES;
				CODE_SIGN_STYLE = Automatic;
				GCC_PREPROCESSOR_DEFINITIONS = (
					"$(inherited)",
					MMKV_IOS_EXTENSION,
				);
				IPHONEOS_DEPLOYMENT_TARGET = 8.0;
				MTL_FAST_MATH = YES;
				OTHER_LDFLAGS = "-ObjC";
				PRODUCT_NAME = "$(TARGET_NAME)";
				SDKROOT = iphoneos;
				SKIP_INSTALL = YES;
				SUPPORTED_PLATFORMS = "iphonesimulator iphoneos";
				TARGETED_DEVICE_FAMILY = "1,2";
				VALID_ARCHS = "";
				"VALID_ARCHS[sdk=iphoneos*]" = arm64;
				"VALID_ARCHS[sdk=iphonesimulator*]" = x86_64;
			};
			name = Release;
		};
/* End XCBuildConfiguration section */

/* Begin XCConfigurationList section */
		CB1FD48C2046984F00931B5F /* Build configuration list for PBXProject "MMKV" */ = {
			isa = XCConfigurationList;
			buildConfigurations = (
				CB1FD4982046984F00931B5F /* Debug */,
				CB1FD4992046984F00931B5F /* Release */,
			);
			defaultConfigurationIsVisible = 0;
			defaultConfigurationName = Release;
		};
		CB1FD49A2046984F00931B5F /* Build configuration list for PBXNativeTarget "MMKV Static" */ = {
			isa = XCConfigurationList;
			buildConfigurations = (
				CB1FD49B2046984F00931B5F /* Debug */,
				CB1FD49C2046984F00931B5F /* Release */,
			);
			defaultConfigurationIsVisible = 0;
			defaultConfigurationName = Release;
		};
		CBC1A8FB20DA946200AD5087 /* Build configuration list for PBXNativeTarget "MMKV" */ = {
			isa = XCConfigurationList;
			buildConfigurations = (
				CBC1A8FC20DA946200AD5087 /* Debug */,
				CBC1A8FD20DA946200AD5087 /* Release */,
			);
			defaultConfigurationIsVisible = 0;
			defaultConfigurationName = Release;
		};
		CBD5358723B46CE500D3A404 /* Build configuration list for PBXNativeTarget "MMKV For App Extension" */ = {
			isa = XCConfigurationList;
			buildConfigurations = (
				CBD5358523B46CE500D3A404 /* Debug */,
				CBD5358623B46CE500D3A404 /* Release */,
			);
			defaultConfigurationIsVisible = 0;
			defaultConfigurationName = Release;
		};
/* End XCConfigurationList section */
	};
	rootObject = CB1FD4892046984F00931B5F /* Project object */;
}
