// !$*UTF8*$!
{
	archiveVersion = 1;
	classes = {
	};
	objectVersion = 54;
	objects = {

/* Begin PBXBuildFile section */
		CB0DCC45242B384E009AFE59 /* openssl_md5.h in CopyFiles */ = {isa = PBXBuildFile; fileRef = CB95640223AB2E9100ACCD39 /* openssl_md5.h */; };
		CB0DCC46242B3856009AFE59 /* openssl_opensslconf.h in CopyFiles */ = {isa = PBXBuildFile; fileRef = CB95640023AB2E9100ACCD39 /* openssl_opensslconf.h */; };
		CB0DCC6D242B5786009AFE59 /* libz.tbd in Frameworks */ = {isa = PBXBuildFile; fileRef = CBF3450323B4BABA00168AC7 /* libz.tbd */; };
		CB30A3EE24987C32007171B1 /* CodedInputDataCrypt.cpp in Sources */ = {isa = PBXBuildFile; fileRef = CB30A3EC24987C32007171B1 /* CodedInputDataCrypt.cpp */; settings = {COMPILER_FLAGS = "-fno-objc-arc"; }; };
		CB30A3EF24987C32007171B1 /* CodedInputDataCrypt.cpp in Sources */ = {isa = PBXBuildFile; fileRef = CB30A3EC24987C32007171B1 /* CodedInputDataCrypt.cpp */; settings = {COMPILER_FLAGS = "-fno-objc-arc"; }; };
		CB30A41F2498CFB7007171B1 /* CodedInputDataCrypt_OSX.cpp in Sources */ = {isa = PBXBuildFile; fileRef = CB30A41E2498CFB6007171B1 /* CodedInputDataCrypt_OSX.cpp */; settings = {COMPILER_FLAGS = "-fno-objc-arc"; }; };
		CB30A4202498CFB7007171B1 /* CodedInputDataCrypt_OSX.cpp in Sources */ = {isa = PBXBuildFile; fileRef = CB30A41E2498CFB6007171B1 /* CodedInputDataCrypt_OSX.cpp */; settings = {COMPILER_FLAGS = "-fno-objc-arc"; }; };
		CB550CCC2488E3F20042CD20 /* KeyValueHolder.cpp in Sources */ = {isa = PBXBuildFile; fileRef = CB550CCA2488E3F20042CD20 /* KeyValueHolder.cpp */; };
		CB58B40023AB3035002457F1 /* Foundation.framework in Frameworks */ = {isa = PBXBuildFile; fileRef = CB58B3FF23AB3035002457F1 /* Foundation.framework */; };
		CB6D44C323B308D100F369AA /* MMKVLog.h in CopyFiles */ = {isa = PBXBuildFile; fileRef = CB9563F423AB2E9100ACCD39 /* MMKVLog.h */; };
		CB6F6C0823ACCFEE000351EA /* ScopedLock.hpp in CopyFiles */ = {isa = PBXBuildFile; fileRef = CB9563F323AB2E9100ACCD39 /* ScopedLock.hpp */; };
		CB7589D3248E68F100A546B4 /* KeyValueHolder.cpp in Sources */ = {isa = PBXBuildFile; fileRef = CB550CCA2488E3F20042CD20 /* KeyValueHolder.cpp */; };
		CB7C029A24A0F65B008D77E6 /* MMKV_IO.cpp in Sources */ = {isa = PBXBuildFile; fileRef = CB7C029924A0F65B008D77E6 /* MMKV_IO.cpp */; settings = {COMPILER_FLAGS = "-fno-objc-arc"; }; };
		CB7C029B24A0F65B008D77E6 /* MMKV_IO.cpp in Sources */ = {isa = PBXBuildFile; fileRef = CB7C029924A0F65B008D77E6 /* MMKV_IO.cpp */; settings = {COMPILER_FLAGS = "-fno-objc-arc"; }; };
		CB95641423AB2E9100ACCD39 /* CodedOutputData.cpp in Sources */ = {isa = PBXBuildFile; fileRef = CB9563EF23AB2E9100ACCD39 /* CodedOutputData.cpp */; settings = {COMPILER_FLAGS = "-fno-objc-arc"; }; };
		CB95641523AB2E9100ACCD39 /* MemoryFile.cpp in Sources */ = {isa = PBXBuildFile; fileRef = CB9563F023AB2E9100ACCD39 /* MemoryFile.cpp */; };
		CB95641623AB2E9100ACCD39 /* MMKV.cpp in Sources */ = {isa = PBXBuildFile; fileRef = CB9563F223AB2E9100ACCD39 /* MMKV.cpp */; settings = {COMPILER_FLAGS = "-fno-objc-arc"; }; };
		CB95641723AB2E9100ACCD39 /* MiniPBCoder.cpp in Sources */ = {isa = PBXBuildFile; fileRef = CB9563F523AB2E9100ACCD39 /* MiniPBCoder.cpp */; settings = {COMPILER_FLAGS = "-fno-objc-arc"; }; };
		CB95641823AB2E9100ACCD39 /* ThreadLock.cpp in Sources */ = {isa = PBXBuildFile; fileRef = CB9563F723AB2E9100ACCD39 /* ThreadLock.cpp */; };
		CB95641923AB2E9100ACCD39 /* MMBuffer.cpp in Sources */ = {isa = PBXBuildFile; fileRef = CB9563F823AB2E9100ACCD39 /* MMBuffer.cpp */; settings = {COMPILER_FLAGS = "-fno-objc-arc"; }; };
		CB95641A23AB2E9100ACCD39 /* CodedInputData.cpp in Sources */ = {isa = PBXBuildFile; fileRef = CB9563F923AB2E9100ACCD39 /* CodedInputData.cpp */; settings = {COMPILER_FLAGS = "-fno-objc-arc"; }; };
		CB95641B23AB2E9100ACCD39 /* openssl_cfb128.cpp in Sources */ = {isa = PBXBuildFile; fileRef = CB95640123AB2E9100ACCD39 /* openssl_cfb128.cpp */; };
		CB95641C23AB2E9100ACCD39 /* openssl_aes_core.cpp in Sources */ = {isa = PBXBuildFile; fileRef = CB95640323AB2E9100ACCD39 /* openssl_aes_core.cpp */; };
		CB95641E23AB2E9100ACCD39 /* openssl_md5_one.cpp in Sources */ = {isa = PBXBuildFile; fileRef = CB95640723AB2E9100ACCD39 /* openssl_md5_one.cpp */; };
		CB95641F23AB2E9100ACCD39 /* openssl_md5_dgst.cpp in Sources */ = {isa = PBXBuildFile; fileRef = CB95640923AB2E9100ACCD39 /* openssl_md5_dgst.cpp */; };
		CB95642023AB2E9100ACCD39 /* AESCrypt.cpp in Sources */ = {isa = PBXBuildFile; fileRef = CB95640B23AB2E9100ACCD39 /* AESCrypt.cpp */; };
		CB95642123AB2E9100ACCD39 /* InterProcessLock.cpp in Sources */ = {isa = PBXBuildFile; fileRef = CB95641023AB2E9100ACCD39 /* InterProcessLock.cpp */; };
		CB95642223AB2E9100ACCD39 /* MMKVLog.cpp in Sources */ = {isa = PBXBuildFile; fileRef = CB95641123AB2E9100ACCD39 /* MMKVLog.cpp */; };
		CB95642323AB2E9100ACCD39 /* PBUtility.cpp in Sources */ = {isa = PBXBuildFile; fileRef = CB95641223AB2E9100ACCD39 /* PBUtility.cpp */; };
		CB95642423AB2F7200ACCD39 /* MMKV.h in CopyFiles */ = {isa = PBXBuildFile; fileRef = CB9563ED23AB2E9100ACCD39 /* MMKV.h */; };
		CB95642523AB2FA800ACCD39 /* MMBuffer.h in CopyFiles */ = {isa = PBXBuildFile; fileRef = CB9563FA23AB2E9100ACCD39 /* MMBuffer.h */; };
		CB95642723AB2FB800ACCD39 /* PBUtility.h in CopyFiles */ = {isa = PBXBuildFile; fileRef = CB9563F623AB2E9100ACCD39 /* PBUtility.h */; };
		CB95642823AB2FB800ACCD39 /* ThreadLock.h in CopyFiles */ = {isa = PBXBuildFile; fileRef = CB95640D23AB2E9100ACCD39 /* ThreadLock.h */; };
		CB95642923AB2FC100ACCD39 /* MMKVPredef.h in CopyFiles */ = {isa = PBXBuildFile; fileRef = CB9563EE23AB2E9100ACCD39 /* MMKVPredef.h */; };
		CBC7A01123C7231600CCC492 /* openssl_aesv8-armx.S in Sources */ = {isa = PBXBuildFile; fileRef = CBC7A01023C7231600CCC492 /* openssl_aesv8-armx.S */; };
		CBC7A07F23C7516700CCC492 /* openssl_aes-armv4.S in Sources */ = {isa = PBXBuildFile; fileRef = CBC7A07E23C7516700CCC492 /* openssl_aes-armv4.S */; };
		CBD723BF23B5C22800D3CDAF /* MMKV_OSX.cpp in Sources */ = {isa = PBXBuildFile; fileRef = CBD723BE23B5C22800D3CDAF /* MMKV_OSX.cpp */; settings = {COMPILER_FLAGS = "-fno-objc-arc"; }; };
		CBD723F323B5E59800D3CDAF /* MemoryFile_OSX.cpp in Sources */ = {isa = PBXBuildFile; fileRef = CBD723F223B5E59800D3CDAF /* MemoryFile_OSX.cpp */; };
		CBD723F523B5E76200D3CDAF /* MiniPBCoder_OSX.cpp in Sources */ = {isa = PBXBuildFile; fileRef = CBD723F423B5E76200D3CDAF /* MiniPBCoder_OSX.cpp */; settings = {COMPILER_FLAGS = "-fno-objc-arc"; }; };
		CBD723F723B5FD9E00D3CDAF /* CodedInputData_OSX.cpp in Sources */ = {isa = PBXBuildFile; fileRef = CBD723F623B5FD9E00D3CDAF /* CodedInputData_OSX.cpp */; settings = {COMPILER_FLAGS = "-fno-objc-arc"; }; };
		CBF19050243D70BA001C82ED /* ThreadLock.cpp in Sources */ = {isa = PBXBuildFile; fileRef = CB9563F723AB2E9100ACCD39 /* ThreadLock.cpp */; };
		CBF19051243D70BA001C82ED /* MemoryFile_OSX.cpp in Sources */ = {isa = PBXBuildFile; fileRef = CBD723F223B5E59800D3CDAF /* MemoryFile_OSX.cpp */; };
		CBF19052243D70BA001C82ED /* MMKV.cpp in Sources */ = {isa = PBXBuildFile; fileRef = CB9563F223AB2E9100ACCD39 /* MMKV.cpp */; settings = {COMPILER_FLAGS = "-fno-objc-arc"; }; };
		CBF19053243D70BA001C82ED /* MiniPBCoder_OSX.cpp in Sources */ = {isa = PBXBuildFile; fileRef = CBD723F423B5E76200D3CDAF /* MiniPBCoder_OSX.cpp */; settings = {COMPILER_FLAGS = "-fno-objc-arc"; }; };
		CBF19054243D70BA001C82ED /* AESCrypt.cpp in Sources */ = {isa = PBXBuildFile; fileRef = CB95640B23AB2E9100ACCD39 /* AESCrypt.cpp */; };
		CBF19055243D70BA001C82ED /* openssl_cfb128.cpp in Sources */ = {isa = PBXBuildFile; fileRef = CB95640123AB2E9100ACCD39 /* openssl_cfb128.cpp */; };
		CBF19056243D70BA001C82ED /* CodedOutputData.cpp in Sources */ = {isa = PBXBuildFile; fileRef = CB9563EF23AB2E9100ACCD39 /* CodedOutputData.cpp */; settings = {COMPILER_FLAGS = "-fno-objc-arc"; }; };
		CBF19057243D70BA001C82ED /* openssl_md5_dgst.cpp in Sources */ = {isa = PBXBuildFile; fileRef = CB95640923AB2E9100ACCD39 /* openssl_md5_dgst.cpp */; };
		CBF19058243D70BA001C82ED /* openssl_aes-armv4.S in Sources */ = {isa = PBXBuildFile; fileRef = CBC7A07E23C7516700CCC492 /* openssl_aes-armv4.S */; };
		CBF1905A243D70BA001C82ED /* MemoryFile.cpp in Sources */ = {isa = PBXBuildFile; fileRef = CB9563F023AB2E9100ACCD39 /* MemoryFile.cpp */; };
		CBF1905B243D70BA001C82ED /* CodedInputData.cpp in Sources */ = {isa = PBXBuildFile; fileRef = CB9563F923AB2E9100ACCD39 /* CodedInputData.cpp */; settings = {COMPILER_FLAGS = "-fno-objc-arc"; }; };
		CBF1905C243D70BA001C82ED /* MMKVLog.cpp in Sources */ = {isa = PBXBuildFile; fileRef = CB95641123AB2E9100ACCD39 /* MMKVLog.cpp */; };
		CBF1905D243D70BA001C82ED /* PBUtility.cpp in Sources */ = {isa = PBXBuildFile; fileRef = CB95641223AB2E9100ACCD39 /* PBUtility.cpp */; };
		CBF1905E243D70BA001C82ED /* MiniPBCoder.cpp in Sources */ = {isa = PBXBuildFile; fileRef = CB9563F523AB2E9100ACCD39 /* MiniPBCoder.cpp */; settings = {COMPILER_FLAGS = "-fno-objc-arc"; }; };
		CBF1905F243D70BA001C82ED /* openssl_md5_one.cpp in Sources */ = {isa = PBXBuildFile; fileRef = CB95640723AB2E9100ACCD39 /* openssl_md5_one.cpp */; };
		CBF19060243D70BA001C82ED /* openssl_aes_core.cpp in Sources */ = {isa = PBXBuildFile; fileRef = CB95640323AB2E9100ACCD39 /* openssl_aes_core.cpp */; };
		CBF19061243D70BA001C82ED /* MMBuffer.cpp in Sources */ = {isa = PBXBuildFile; fileRef = CB9563F823AB2E9100ACCD39 /* MMBuffer.cpp */; settings = {COMPILER_FLAGS = "-fno-objc-arc"; }; };
		CBF19062243D70BA001C82ED /* CodedInputData_OSX.cpp in Sources */ = {isa = PBXBuildFile; fileRef = CBD723F623B5FD9E00D3CDAF /* CodedInputData_OSX.cpp */; settings = {COMPILER_FLAGS = "-fno-objc-arc"; }; };
		CBF19063243D70BA001C82ED /* openssl_aesv8-armx.S in Sources */ = {isa = PBXBuildFile; fileRef = CBC7A01023C7231600CCC492 /* openssl_aesv8-armx.S */; };
		CBF19064243D70BA001C82ED /* MMKV_OSX.cpp in Sources */ = {isa = PBXBuildFile; fileRef = CBD723BE23B5C22800D3CDAF /* MMKV_OSX.cpp */; settings = {COMPILER_FLAGS = "-fno-objc-arc"; }; };
		CBF19065243D70BA001C82ED /* InterProcessLock.cpp in Sources */ = {isa = PBXBuildFile; fileRef = CB95641023AB2E9100ACCD39 /* InterProcessLock.cpp */; };
		CBF19067243D70BA001C82ED /* libz.tbd in Frameworks */ = {isa = PBXBuildFile; fileRef = CBF3450323B4BABA00168AC7 /* libz.tbd */; };
		CBF19068243D70BA001C82ED /* Foundation.framework in Frameworks */ = {isa = PBXBuildFile; fileRef = CB58B3FF23AB3035002457F1 /* Foundation.framework */; };
		CBF1906A243D70BA001C82ED /* openssl_opensslconf.h in CopyFiles */ = {isa = PBXBuildFile; fileRef = CB95640023AB2E9100ACCD39 /* openssl_opensslconf.h */; };
		CBF1906B243D70BA001C82ED /* openssl_md5.h in CopyFiles */ = {isa = PBXBuildFile; fileRef = CB95640223AB2E9100ACCD39 /* openssl_md5.h */; };
		CBF1906C243D70BA001C82ED /* MMKVLog.h in CopyFiles */ = {isa = PBXBuildFile; fileRef = CB9563F423AB2E9100ACCD39 /* MMKVLog.h */; };
		CBF1906D243D70BA001C82ED /* ScopedLock.hpp in CopyFiles */ = {isa = PBXBuildFile; fileRef = CB9563F323AB2E9100ACCD39 /* ScopedLock.hpp */; };
		CBF1906E243D70BA001C82ED /* MMKVPredef.h in CopyFiles */ = {isa = PBXBuildFile; fileRef = CB9563EE23AB2E9100ACCD39 /* MMKVPredef.h */; };
		CBF1906F243D70BA001C82ED /* PBUtility.h in CopyFiles */ = {isa = PBXBuildFile; fileRef = CB9563F623AB2E9100ACCD39 /* PBUtility.h */; };
		CBF19070243D70BA001C82ED /* ThreadLock.h in CopyFiles */ = {isa = PBXBuildFile; fileRef = CB95640D23AB2E9100ACCD39 /* ThreadLock.h */; };
		CBF19071243D70BA001C82ED /* MMBuffer.h in CopyFiles */ = {isa = PBXBuildFile; fileRef = CB9563FA23AB2E9100ACCD39 /* MMBuffer.h */; };
		CBF19072243D70BA001C82ED /* MMKV.h in CopyFiles */ = {isa = PBXBuildFile; fileRef = CB9563ED23AB2E9100ACCD39 /* MMKV.h */; };
/* End PBXBuildFile section */

/* Begin PBXCopyFilesBuildPhase section */
		CB9563D623AB2D9500ACCD39 /* CopyFiles */ = {
			isa = PBXCopyFilesBuildPhase;
			buildActionMask = 2147483647;
			dstPath = "include/$(PRODUCT_NAME)";
			dstSubfolderSpec = 16;
			files = (
				CB0DCC46242B3856009AFE59 /* openssl_opensslconf.h in CopyFiles */,
				CB0DCC45242B384E009AFE59 /* openssl_md5.h in CopyFiles */,
				CB6D44C323B308D100F369AA /* MMKVLog.h in CopyFiles */,
				CB6F6C0823ACCFEE000351EA /* ScopedLock.hpp in CopyFiles */,
				CB95642923AB2FC100ACCD39 /* MMKVPredef.h in CopyFiles */,
				CB95642723AB2FB800ACCD39 /* PBUtility.h in CopyFiles */,
				CB95642823AB2FB800ACCD39 /* ThreadLock.h in CopyFiles */,
				CB95642523AB2FA800ACCD39 /* MMBuffer.h in CopyFiles */,
				CB95642423AB2F7200ACCD39 /* MMKV.h in CopyFiles */,
			);
			runOnlyForDeploymentPostprocessing = 0;
		};
		CBF19069243D70BA001C82ED /* CopyFiles */ = {
			isa = PBXCopyFilesBuildPhase;
			buildActionMask = 2147483647;
			dstPath = "include/$(PRODUCT_NAME)";
			dstSubfolderSpec = 16;
			files = (
				CBF1906A243D70BA001C82ED /* openssl_opensslconf.h in CopyFiles */,
				CBF1906B243D70BA001C82ED /* openssl_md5.h in CopyFiles */,
				CBF1906C243D70BA001C82ED /* MMKVLog.h in CopyFiles */,
				CBF1906D243D70BA001C82ED /* ScopedLock.hpp in CopyFiles */,
				CBF1906E243D70BA001C82ED /* MMKVPredef.h in CopyFiles */,
				CBF1906F243D70BA001C82ED /* PBUtility.h in CopyFiles */,
				CBF19070243D70BA001C82ED /* ThreadLock.h in CopyFiles */,
				CBF19071243D70BA001C82ED /* MMBuffer.h in CopyFiles */,
				CBF19072243D70BA001C82ED /* MMKV.h in CopyFiles */,
			);
			runOnlyForDeploymentPostprocessing = 0;
		};
/* End PBXCopyFilesBuildPhase section */

/* Begin PBXFileReference section */
		CB0DCC70242B57E5009AFE59 /* libc++.tbd */ = {isa = PBXFileReference; lastKnownFileType = "sourcecode.text-based-dylib-definition"; name = "libc++.tbd"; path = "Platforms/MacOSX.platform/Developer/SDKs/MacOSX10.15.sdk/usr/lib/libc++.tbd"; sourceTree = DEVELOPER_DIR; };
		CB30A3EC24987C32007171B1 /* CodedInputDataCrypt.cpp */ = {isa = PBXFileReference; explicitFileType = sourcecode.cpp.objcpp; path = CodedInputDataCrypt.cpp; sourceTree = "<group>"; };
		CB30A3ED24987C32007171B1 /* CodedInputDataCrypt.h */ = {isa = PBXFileReference; lastKnownFileType = sourcecode.c.h; path = CodedInputDataCrypt.h; sourceTree = "<group>"; };
		CB30A41E2498CFB6007171B1 /* CodedInputDataCrypt_OSX.cpp */ = {isa = PBXFileReference; explicitFileType = sourcecode.cpp.objcpp; fileEncoding = 4; path = CodedInputDataCrypt_OSX.cpp; sourceTree = "<group>"; };
		CB467F862431D3ED00FD7421 /* MMKV_OSX.h */ = {isa = PBXFileReference; lastKnownFileType = sourcecode.c.h; path = MMKV_OSX.h; sourceTree = "<group>"; };
		CB550CCA2488E3F20042CD20 /* KeyValueHolder.cpp */ = {isa = PBXFileReference; explicitFileType = sourcecode.cpp.objcpp; path = KeyValueHolder.cpp; sourceTree = "<group>"; };
		CB550CCB2488E3F20042CD20 /* KeyValueHolder.h */ = {isa = PBXFileReference; lastKnownFileType = sourcecode.c.h; path = KeyValueHolder.h; sourceTree = "<group>"; };
		CB58B3FF23AB3035002457F1 /* Foundation.framework */ = {isa = PBXFileReference; lastKnownFileType = wrapper.framework; name = Foundation.framework; path = Platforms/MacOSX.platform/Developer/SDKs/MacOSX10.15.sdk/System/Library/Frameworks/Foundation.framework; sourceTree = DEVELOPER_DIR; };
		CB7C029924A0F65B008D77E6 /* MMKV_IO.cpp */ = {isa = PBXFileReference; explicitFileType = sourcecode.cpp.objcpp; path = MMKV_IO.cpp; sourceTree = "<group>"; };
		CB7C029E24A0FBC2008D77E6 /* MMKV_IO.h */ = {isa = PBXFileReference; lastKnownFileType = sourcecode.c.h; path = MMKV_IO.h; sourceTree = "<group>"; };
		CB9563D823AB2D9500ACCD39 /* libMMKVCore.a */ = {isa = PBXFileReference; explicitFileType = archive.ar; includeInIndex = 0; path = libMMKVCore.a; sourceTree = BUILT_PRODUCTS_DIR; };
		CB9563E423AB2E9100ACCD39 /* CodedInputData.h */ = {isa = PBXFileReference; fileEncoding = 4; lastKnownFileType = sourcecode.c.h; path = CodedInputData.h; sourceTree = "<group>"; };
		CB9563EB23AB2E9100ACCD39 /* Checksum.h */ = {isa = PBXFileReference; fileEncoding = 4; lastKnownFileType = sourcecode.c.h; path = Checksum.h; sourceTree = "<group>"; };
		CB9563EC23AB2E9100ACCD39 /* MMKVMetaInfo.hpp */ = {isa = PBXFileReference; fileEncoding = 4; lastKnownFileType = sourcecode.cpp.h; path = MMKVMetaInfo.hpp; sourceTree = "<group>"; };
		CB9563ED23AB2E9100ACCD39 /* MMKV.h */ = {isa = PBXFileReference; fileEncoding = 4; lastKnownFileType = sourcecode.c.h; path = MMKV.h; sourceTree = "<group>"; };
		CB9563EE23AB2E9100ACCD39 /* MMKVPredef.h */ = {isa = PBXFileReference; fileEncoding = 4; lastKnownFileType = sourcecode.c.h; path = MMKVPredef.h; sourceTree = "<group>"; };
		CB9563EF23AB2E9100ACCD39 /* CodedOutputData.cpp */ = {isa = PBXFileReference; explicitFileType = sourcecode.cpp.objcpp; fileEncoding = 4; path = CodedOutputData.cpp; sourceTree = "<group>"; };
		CB9563F023AB2E9100ACCD39 /* MemoryFile.cpp */ = {isa = PBXFileReference; explicitFileType = sourcecode.cpp.objcpp; fileEncoding = 4; path = MemoryFile.cpp; sourceTree = "<group>"; };
		CB9563F123AB2E9100ACCD39 /* MiniPBCoder.h */ = {isa = PBXFileReference; fileEncoding = 4; lastKnownFileType = sourcecode.c.h; path = MiniPBCoder.h; sourceTree = "<group>"; };
		CB9563F223AB2E9100ACCD39 /* MMKV.cpp */ = {isa = PBXFileReference; explicitFileType = sourcecode.cpp.objcpp; fileEncoding = 4; path = MMKV.cpp; sourceTree = "<group>"; };
		CB9563F323AB2E9100ACCD39 /* ScopedLock.hpp */ = {isa = PBXFileReference; fileEncoding = 4; lastKnownFileType = sourcecode.cpp.h; path = ScopedLock.hpp; sourceTree = "<group>"; };
		CB9563F423AB2E9100ACCD39 /* MMKVLog.h */ = {isa = PBXFileReference; fileEncoding = 4; lastKnownFileType = sourcecode.c.h; path = MMKVLog.h; sourceTree = "<group>"; };
		CB9563F523AB2E9100ACCD39 /* MiniPBCoder.cpp */ = {isa = PBXFileReference; explicitFileType = sourcecode.cpp.objcpp; fileEncoding = 4; path = MiniPBCoder.cpp; sourceTree = "<group>"; };
		CB9563F623AB2E9100ACCD39 /* PBUtility.h */ = {isa = PBXFileReference; fileEncoding = 4; lastKnownFileType = sourcecode.c.h; path = PBUtility.h; sourceTree = "<group>"; };
		CB9563F723AB2E9100ACCD39 /* ThreadLock.cpp */ = {isa = PBXFileReference; explicitFileType = sourcecode.cpp.objcpp; fileEncoding = 4; path = ThreadLock.cpp; sourceTree = "<group>"; };
		CB9563F823AB2E9100ACCD39 /* MMBuffer.cpp */ = {isa = PBXFileReference; explicitFileType = sourcecode.cpp.objcpp; fileEncoding = 4; path = MMBuffer.cpp; sourceTree = "<group>"; };
		CB9563F923AB2E9100ACCD39 /* CodedInputData.cpp */ = {isa = PBXFileReference; explicitFileType = sourcecode.cpp.objcpp; fileEncoding = 4; path = CodedInputData.cpp; sourceTree = "<group>"; };
		CB9563FA23AB2E9100ACCD39 /* MMBuffer.h */ = {isa = PBXFileReference; fileEncoding = 4; lastKnownFileType = sourcecode.c.h; path = MMBuffer.h; sourceTree = "<group>"; };
		CB9563FB23AB2E9100ACCD39 /* InterProcessLock.h */ = {isa = PBXFileReference; fileEncoding = 4; lastKnownFileType = sourcecode.c.h; path = InterProcessLock.h; sourceTree = "<group>"; };
		CB9563FD23AB2E9100ACCD39 /* AESCrypt.h */ = {isa = PBXFileReference; fileEncoding = 4; lastKnownFileType = sourcecode.c.h; path = AESCrypt.h; sourceTree = "<group>"; };
		CB9563FF23AB2E9100ACCD39 /* openssl_md32_common.h */ = {isa = PBXFileReference; fileEncoding = 4; lastKnownFileType = sourcecode.c.h; path = openssl_md32_common.h; sourceTree = "<group>"; };
		CB95640023AB2E9100ACCD39 /* openssl_opensslconf.h */ = {isa = PBXFileReference; fileEncoding = 4; lastKnownFileType = sourcecode.c.h; path = openssl_opensslconf.h; sourceTree = "<group>"; };
		CB95640123AB2E9100ACCD39 /* openssl_cfb128.cpp */ = {isa = PBXFileReference; explicitFileType = sourcecode.cpp.objcpp; fileEncoding = 4; path = openssl_cfb128.cpp; sourceTree = "<group>"; };
		CB95640223AB2E9100ACCD39 /* openssl_md5.h */ = {isa = PBXFileReference; fileEncoding = 4; lastKnownFileType = sourcecode.c.h; path = openssl_md5.h; sourceTree = "<group>"; };
		CB95640323AB2E9100ACCD39 /* openssl_aes_core.cpp */ = {isa = PBXFileReference; explicitFileType = sourcecode.cpp.objcpp; fileEncoding = 4; path = openssl_aes_core.cpp; sourceTree = "<group>"; };
		CB95640523AB2E9100ACCD39 /* openssl_aes.h */ = {isa = PBXFileReference; fileEncoding = 4; lastKnownFileType = sourcecode.c.h; path = openssl_aes.h; sourceTree = "<group>"; };
		CB95640623AB2E9100ACCD39 /* openssl_md5_locl.h */ = {isa = PBXFileReference; fileEncoding = 4; lastKnownFileType = sourcecode.c.h; path = openssl_md5_locl.h; sourceTree = "<group>"; };
		CB95640723AB2E9100ACCD39 /* openssl_md5_one.cpp */ = {isa = PBXFileReference; fileEncoding = 4; lastKnownFileType = sourcecode.cpp.cpp; path = openssl_md5_one.cpp; sourceTree = "<group>"; };
		CB95640923AB2E9100ACCD39 /* openssl_md5_dgst.cpp */ = {isa = PBXFileReference; fileEncoding = 4; lastKnownFileType = sourcecode.cpp.cpp; path = openssl_md5_dgst.cpp; sourceTree = "<group>"; };
		CB95640A23AB2E9100ACCD39 /* openssl_aes_locl.h */ = {isa = PBXFileReference; fileEncoding = 4; lastKnownFileType = sourcecode.c.h; path = openssl_aes_locl.h; sourceTree = "<group>"; };
		CB95640B23AB2E9100ACCD39 /* AESCrypt.cpp */ = {isa = PBXFileReference; explicitFileType = sourcecode.cpp.objcpp; fileEncoding = 4; path = AESCrypt.cpp; sourceTree = "<group>"; };
		CB95640C23AB2E9100ACCD39 /* CodedOutputData.h */ = {isa = PBXFileReference; fileEncoding = 4; lastKnownFileType = sourcecode.c.h; path = CodedOutputData.h; sourceTree = "<group>"; };
		CB95640D23AB2E9100ACCD39 /* ThreadLock.h */ = {isa = PBXFileReference; fileEncoding = 4; lastKnownFileType = sourcecode.c.h; path = ThreadLock.h; sourceTree = "<group>"; };
		CB95640E23AB2E9100ACCD39 /* MemoryFile.h */ = {isa = PBXFileReference; fileEncoding = 4; lastKnownFileType = sourcecode.c.h; path = MemoryFile.h; sourceTree = "<group>"; };
		CB95640F23AB2E9100ACCD39 /* PBEncodeItem.hpp */ = {isa = PBXFileReference; fileEncoding = 4; lastKnownFileType = sourcecode.cpp.h; path = PBEncodeItem.hpp; sourceTree = "<group>"; };
		CB95641023AB2E9100ACCD39 /* InterProcessLock.cpp */ = {isa = PBXFileReference; explicitFileType = sourcecode.cpp.objcpp; fileEncoding = 4; path = InterProcessLock.cpp; sourceTree = "<group>"; };
		CB95641123AB2E9100ACCD39 /* MMKVLog.cpp */ = {isa = PBXFileReference; explicitFileType = sourcecode.cpp.objcpp; fileEncoding = 4; path = MMKVLog.cpp; sourceTree = "<group>"; };
		CB95641223AB2E9100ACCD39 /* PBUtility.cpp */ = {isa = PBXFileReference; explicitFileType = sourcecode.cpp.objcpp; fileEncoding = 4; path = PBUtility.cpp; sourceTree = "<group>"; };
		CBC7A01023C7231600CCC492 /* openssl_aesv8-armx.S */ = {isa = PBXFileReference; fileEncoding = 4; lastKnownFileType = sourcecode.asm; path = "openssl_aesv8-armx.S"; sourceTree = "<group>"; };
		CBC7A01223C7235000CCC492 /* openssl_arm_arch.h */ = {isa = PBXFileReference; fileEncoding = 4; lastKnownFileType = sourcecode.c.h; path = openssl_arm_arch.h; sourceTree = "<group>"; };
		CBC7A07E23C7516700CCC492 /* openssl_aes-armv4.S */ = {isa = PBXFileReference; fileEncoding = 4; lastKnownFileType = sourcecode.asm; path = "openssl_aes-armv4.S"; sourceTree = "<group>"; };
		CBD723BE23B5C22800D3CDAF /* MMKV_OSX.cpp */ = {isa = PBXFileReference; explicitFileType = sourcecode.cpp.objcpp; path = MMKV_OSX.cpp; sourceTree = "<group>"; };
		CBD723F223B5E59800D3CDAF /* MemoryFile_OSX.cpp */ = {isa = PBXFileReference; explicitFileType = sourcecode.cpp.objcpp.preprocessed; path = MemoryFile_OSX.cpp; sourceTree = "<group>"; };
		CBD723F423B5E76200D3CDAF /* MiniPBCoder_OSX.cpp */ = {isa = PBXFileReference; explicitFileType = sourcecode.cpp.objcpp.preprocessed; path = MiniPBCoder_OSX.cpp; sourceTree = "<group>"; };
		CBD723F623B5FD9E00D3CDAF /* CodedInputData_OSX.cpp */ = {isa = PBXFileReference; explicitFileType = sourcecode.cpp.objcpp.preprocessed; path = CodedInputData_OSX.cpp; sourceTree = "<group>"; };
		CBF19076243D70BA001C82ED /* libMMKVCore.a */ = {isa = PBXFileReference; explicitFileType = archive.ar; includeInIndex = 0; path = libMMKVCore.a; sourceTree = BUILT_PRODUCTS_DIR; };
		CBF3450323B4BABA00168AC7 /* libz.tbd */ = {isa = PBXFileReference; lastKnownFileType = "sourcecode.text-based-dylib-definition"; name = libz.tbd; path = Platforms/MacOSX.platform/Developer/SDKs/MacOSX10.15.sdk/usr/lib/libz.tbd; sourceTree = DEVELOPER_DIR; };
/* End PBXFileReference section */

/* Begin PBXFrameworksBuildPhase section */
		CB9563D523AB2D9500ACCD39 /* Frameworks */ = {
			isa = PBXFrameworksBuildPhase;
			buildActionMask = 2147483647;
			files = (
				CB0DCC6D242B5786009AFE59 /* libz.tbd in Frameworks */,
				CB58B40023AB3035002457F1 /* Foundation.framework in Frameworks */,
			);
			runOnlyForDeploymentPostprocessing = 0;
		};
		CBF19066243D70BA001C82ED /* Frameworks */ = {
			isa = PBXFrameworksBuildPhase;
			buildActionMask = 2147483647;
			files = (
				CBF19067243D70BA001C82ED /* libz.tbd in Frameworks */,
				CBF19068243D70BA001C82ED /* Foundation.framework in Frameworks */,
			);
			runOnlyForDeploymentPostprocessing = 0;
		};
/* End PBXFrameworksBuildPhase section */

/* Begin PBXGroup section */
		CB58B3FE23AB3035002457F1 /* Frameworks */ = {
			isa = PBXGroup;
			children = (
				CB0DCC70242B57E5009AFE59 /* libc++.tbd */,
				CBF3450323B4BABA00168AC7 /* libz.tbd */,
				CB58B3FF23AB3035002457F1 /* Foundation.framework */,
			);
			name = Frameworks;
			sourceTree = "<group>";
		};
		CB9563CF23AB2D9500ACCD39 = {
			isa = PBXGroup;
			children = (
				CB9563FC23AB2E9100ACCD39 /* aes */,
				CB9563E523AB2E9100ACCD39 /* crc32 */,
				CB30A41E2498CFB6007171B1 /* CodedInputDataCrypt_OSX.cpp */,
				CB30A3EC24987C32007171B1 /* CodedInputDataCrypt.cpp */,
				CB30A3ED24987C32007171B1 /* CodedInputDataCrypt.h */,
				CBD723F623B5FD9E00D3CDAF /* CodedInputData_OSX.cpp */,
				CB9563F923AB2E9100ACCD39 /* CodedInputData.cpp */,
				CB9563E423AB2E9100ACCD39 /* CodedInputData.h */,
				CB9563EF23AB2E9100ACCD39 /* CodedOutputData.cpp */,
				CB95640C23AB2E9100ACCD39 /* CodedOutputData.h */,
				CB95641023AB2E9100ACCD39 /* InterProcessLock.cpp */,
				CB9563FB23AB2E9100ACCD39 /* InterProcessLock.h */,
				CB550CCB2488E3F20042CD20 /* KeyValueHolder.h */,
				CB550CCA2488E3F20042CD20 /* KeyValueHolder.cpp */,
				CBD723F223B5E59800D3CDAF /* MemoryFile_OSX.cpp */,
				CB9563F023AB2E9100ACCD39 /* MemoryFile.cpp */,
				CB95640E23AB2E9100ACCD39 /* MemoryFile.h */,
				CBD723F423B5E76200D3CDAF /* MiniPBCoder_OSX.cpp */,
				CB9563F523AB2E9100ACCD39 /* MiniPBCoder.cpp */,
				CB9563F123AB2E9100ACCD39 /* MiniPBCoder.h */,
				CB9563F823AB2E9100ACCD39 /* MMBuffer.cpp */,
				CB9563FA23AB2E9100ACCD39 /* MMBuffer.h */,
				CB9563ED23AB2E9100ACCD39 /* MMKV.h */,
				CB9563F223AB2E9100ACCD39 /* MMKV.cpp */,
				CB7C029E24A0FBC2008D77E6 /* MMKV_IO.h */,
				CB7C029924A0F65B008D77E6 /* MMKV_IO.cpp */,
				CB467F862431D3ED00FD7421 /* MMKV_OSX.h */,
				CBD723BE23B5C22800D3CDAF /* MMKV_OSX.cpp */,
				CB95641123AB2E9100ACCD39 /* MMKVLog.cpp */,
				CB9563F423AB2E9100ACCD39 /* MMKVLog.h */,
				CB9563EC23AB2E9100ACCD39 /* MMKVMetaInfo.hpp */,
				CB9563EE23AB2E9100ACCD39 /* MMKVPredef.h */,
				CB95640F23AB2E9100ACCD39 /* PBEncodeItem.hpp */,
				CB95641223AB2E9100ACCD39 /* PBUtility.cpp */,
				CB9563F623AB2E9100ACCD39 /* PBUtility.h */,
				CB9563F323AB2E9100ACCD39 /* ScopedLock.hpp */,
				CB9563F723AB2E9100ACCD39 /* ThreadLock.cpp */,
				CB95640D23AB2E9100ACCD39 /* ThreadLock.h */,
				CB58B3FE23AB3035002457F1 /* Frameworks */,
				CB9563D923AB2D9500ACCD39 /* Products */,
			);
			indentWidth = 4;
			sourceTree = "<group>";
		};
		CB9563D923AB2D9500ACCD39 /* Products */ = {
			isa = PBXGroup;
			children = (
				CB9563D823AB2D9500ACCD39 /* libMMKVCore.a */,
				CBF19076243D70BA001C82ED /* libMMKVCore.a */,
			);
			name = Products;
			sourceTree = "<group>";
		};
		CB9563E523AB2E9100ACCD39 /* crc32 */ = {
			isa = PBXGroup;
			children = (
				CB9563EB23AB2E9100ACCD39 /* Checksum.h */,
			);
			path = crc32;
			sourceTree = "<group>";
		};
		CB9563FC23AB2E9100ACCD39 /* aes */ = {
			isa = PBXGroup;
			children = (
				CB9563FD23AB2E9100ACCD39 /* AESCrypt.h */,
				CB95640B23AB2E9100ACCD39 /* AESCrypt.cpp */,
				CB9563FE23AB2E9100ACCD39 /* openssl */,
			);
			path = aes;
			sourceTree = "<group>";
		};
		CB9563FE23AB2E9100ACCD39 /* openssl */ = {
			isa = PBXGroup;
			children = (
				CB95640323AB2E9100ACCD39 /* openssl_aes_core.cpp */,
				CB95640A23AB2E9100ACCD39 /* openssl_aes_locl.h */,
				CBC7A07E23C7516700CCC492 /* openssl_aes-armv4.S */,
				CB95640523AB2E9100ACCD39 /* openssl_aes.h */,
				CBC7A01023C7231600CCC492 /* openssl_aesv8-armx.S */,
				CBC7A01223C7235000CCC492 /* openssl_arm_arch.h */,
				CB95640123AB2E9100ACCD39 /* openssl_cfb128.cpp */,
				CB95640923AB2E9100ACCD39 /* openssl_md5_dgst.cpp */,
				CB95640623AB2E9100ACCD39 /* openssl_md5_locl.h */,
				CB95640723AB2E9100ACCD39 /* openssl_md5_one.cpp */,
				CB95640223AB2E9100ACCD39 /* openssl_md5.h */,
				CB9563FF23AB2E9100ACCD39 /* openssl_md32_common.h */,
				CB95640023AB2E9100ACCD39 /* openssl_opensslconf.h */,
			);
			path = openssl;
			sourceTree = "<group>";
		};
/* End PBXGroup section */

/* Begin PBXNativeTarget section */
		CB9563D723AB2D9500ACCD39 /* MMKVCore */ = {
			isa = PBXNativeTarget;
			buildConfigurationList = CB9563E123AB2D9500ACCD39 /* Build configuration list for PBXNativeTarget "MMKVCore" */;
			buildPhases = (
				CB9563D423AB2D9500ACCD39 /* Sources */,
				CB9563D523AB2D9500ACCD39 /* Frameworks */,
				CB9563D623AB2D9500ACCD39 /* CopyFiles */,
			);
			buildRules = (
			);
			dependencies = (
			);
			name = MMKVCore;
			productName = Core;
			productReference = CB9563D823AB2D9500ACCD39 /* libMMKVCore.a */;
			productType = "com.apple.product-type.library.static";
		};
		CBF1904E243D70BA001C82ED /* MMKVWatchCore */ = {
			isa = PBXNativeTarget;
			buildConfigurationList = CBF19073243D70BA001C82ED /* Build configuration list for PBXNativeTarget "MMKVWatchCore" */;
			buildPhases = (
				CBF1904F243D70BA001C82ED /* Sources */,
				CBF19066243D70BA001C82ED /* Frameworks */,
				CBF19069243D70BA001C82ED /* CopyFiles */,
			);
			buildRules = (
			);
			dependencies = (
			);
			name = MMKVWatchCore;
			productName = Core;
			productReference = CBF19076243D70BA001C82ED /* libMMKVCore.a */;
			productType = "com.apple.product-type.library.static";
		};
/* End PBXNativeTarget section */

/* Begin PBXProject section */
		CB9563D023AB2D9500ACCD39 /* Project object */ = {
			isa = PBXProject;
			attributes = {
				BuildIndependentTargetsInParallel = YES;
				LastUpgradeCheck = 1530;
				ORGANIZATIONNAME = lingol;
				TargetAttributes = {
					CB9563D723AB2D9500ACCD39 = {
						CreatedOnToolsVersion = 11.3;
					};
				};
			};
			buildConfigurationList = CB9563D323AB2D9500ACCD39 /* Build configuration list for PBXProject "Core" */;
			compatibilityVersion = "Xcode 9.3";
			developmentRegion = en;
			hasScannedForEncodings = 0;
			knownRegions = (
				en,
				Base,
			);
			mainGroup = CB9563CF23AB2D9500ACCD39;
			productRefGroup = CB9563D923AB2D9500ACCD39 /* Products */;
			projectDirPath = "";
			projectRoot = "";
			targets = (
				CB9563D723AB2D9500ACCD39 /* MMKVCore */,
				CBF1904E243D70BA001C82ED /* MMKVWatchCore */,
			);
		};
/* End PBXProject section */

/* Begin PBXSourcesBuildPhase section */
		CB9563D423AB2D9500ACCD39 /* Sources */ = {
			isa = PBXSourcesBuildPhase;
			buildActionMask = 2147483647;
			files = (
				CB95641823AB2E9100ACCD39 /* ThreadLock.cpp in Sources */,
				CBD723F323B5E59800D3CDAF /* MemoryFile_OSX.cpp in Sources */,
				CB550CCC2488E3F20042CD20 /* KeyValueHolder.cpp in Sources */,
				CB95641623AB2E9100ACCD39 /* MMKV.cpp in Sources */,
				CB30A41F2498CFB7007171B1 /* CodedInputDataCrypt_OSX.cpp in Sources */,
				CBD723F523B5E76200D3CDAF /* MiniPBCoder_OSX.cpp in Sources */,
				CB95642023AB2E9100ACCD39 /* AESCrypt.cpp in Sources */,
				CB95641B23AB2E9100ACCD39 /* openssl_cfb128.cpp in Sources */,
				CB95641423AB2E9100ACCD39 /* CodedOutputData.cpp in Sources */,
				CB95641F23AB2E9100ACCD39 /* openssl_md5_dgst.cpp in Sources */,
				CBC7A07F23C7516700CCC492 /* openssl_aes-armv4.S in Sources */,
				CB30A3EE24987C32007171B1 /* CodedInputDataCrypt.cpp in Sources */,
				CB95641523AB2E9100ACCD39 /* MemoryFile.cpp in Sources */,
				CB95641A23AB2E9100ACCD39 /* CodedInputData.cpp in Sources */,
				CB95642223AB2E9100ACCD39 /* MMKVLog.cpp in Sources */,
				CB95642323AB2E9100ACCD39 /* PBUtility.cpp in Sources */,
				CB95641723AB2E9100ACCD39 /* MiniPBCoder.cpp in Sources */,
				CB7C029A24A0F65B008D77E6 /* MMKV_IO.cpp in Sources */,
				CB95641E23AB2E9100ACCD39 /* openssl_md5_one.cpp in Sources */,
				CB95641C23AB2E9100ACCD39 /* openssl_aes_core.cpp in Sources */,
				CB95641923AB2E9100ACCD39 /* MMBuffer.cpp in Sources */,
				CBD723F723B5FD9E00D3CDAF /* CodedInputData_OSX.cpp in Sources */,
				CBC7A01123C7231600CCC492 /* openssl_aesv8-armx.S in Sources */,
				CBD723BF23B5C22800D3CDAF /* MMKV_OSX.cpp in Sources */,
				CB95642123AB2E9100ACCD39 /* InterProcessLock.cpp in Sources */,
			);
			runOnlyForDeploymentPostprocessing = 0;
		};
		CBF1904F243D70BA001C82ED /* Sources */ = {
			isa = PBXSourcesBuildPhase;
			buildActionMask = 2147483647;
			files = (
				CBF19050243D70BA001C82ED /* ThreadLock.cpp in Sources */,
				CBF19051243D70BA001C82ED /* MemoryFile_OSX.cpp in Sources */,
				CB7589D3248E68F100A546B4 /* KeyValueHolder.cpp in Sources */,
				CBF19052243D70BA001C82ED /* MMKV.cpp in Sources */,
				CB30A4202498CFB7007171B1 /* CodedInputDataCrypt_OSX.cpp in Sources */,
				CBF19053243D70BA001C82ED /* MiniPBCoder_OSX.cpp in Sources */,
				CBF19054243D70BA001C82ED /* AESCrypt.cpp in Sources */,
				CBF19055243D70BA001C82ED /* openssl_cfb128.cpp in Sources */,
				CBF19056243D70BA001C82ED /* CodedOutputData.cpp in Sources */,
				CBF19057243D70BA001C82ED /* openssl_md5_dgst.cpp in Sources */,
				CBF19058243D70BA001C82ED /* openssl_aes-armv4.S in Sources */,
				CB30A3EF24987C32007171B1 /* CodedInputDataCrypt.cpp in Sources */,
				CBF1905A243D70BA001C82ED /* MemoryFile.cpp in Sources */,
				CBF1905B243D70BA001C82ED /* CodedInputData.cpp in Sources */,
				CBF1905C243D70BA001C82ED /* MMKVLog.cpp in Sources */,
				CBF1905D243D70BA001C82ED /* PBUtility.cpp in Sources */,
				CBF1905E243D70BA001C82ED /* MiniPBCoder.cpp in Sources */,
				CB7C029B24A0F65B008D77E6 /* MMKV_IO.cpp in Sources */,
				CBF1905F243D70BA001C82ED /* openssl_md5_one.cpp in Sources */,
				CBF19060243D70BA001C82ED /* openssl_aes_core.cpp in Sources */,
				CBF19061243D70BA001C82ED /* MMBuffer.cpp in Sources */,
				CBF19062243D70BA001C82ED /* CodedInputData_OSX.cpp in Sources */,
				CBF19063243D70BA001C82ED /* openssl_aesv8-armx.S in Sources */,
				CBF19064243D70BA001C82ED /* MMKV_OSX.cpp in Sources */,
				CBF19065243D70BA001C82ED /* InterProcessLock.cpp in Sources */,
			);
			runOnlyForDeploymentPostprocessing = 0;
		};
/* End PBXSourcesBuildPhase section */

/* Begin XCBuildConfiguration section */
		CB9563DF23AB2D9500ACCD39 /* Debug */ = {
			isa = XCBuildConfiguration;
			buildSettings = {
				ALWAYS_SEARCH_USER_PATHS = NO;
				ASSETCATALOG_COMPILER_GENERATE_SWIFT_ASSET_SYMBOL_EXTENSIONS = YES;
				CLANG_ANALYZER_NONNULL = YES;
				CLANG_ANALYZER_NUMBER_OBJECT_CONVERSION = YES_AGGRESSIVE;
				CLANG_CXX_LANGUAGE_STANDARD = "gnu++14";
				CLANG_CXX_LIBRARY = "libc++";
				CLANG_ENABLE_MODULES = YES;
				CLANG_ENABLE_OBJC_ARC = YES;
				CLANG_ENABLE_OBJC_WEAK = YES;
				CLANG_WARN_BLOCK_CAPTURE_AUTORELEASING = YES;
				CLANG_WARN_BOOL_CONVERSION = YES;
				CLANG_WARN_COMMA = YES;
				CLANG_WARN_CONSTANT_CONVERSION = YES;
				CLANG_WARN_DEPRECATED_OBJC_IMPLEMENTATIONS = YES;
				CLANG_WARN_DIRECT_OBJC_ISA_USAGE = YES_ERROR;
				CLANG_WARN_DOCUMENTATION_COMMENTS = YES;
				CLANG_WARN_EMPTY_BODY = YES;
				CLANG_WARN_ENUM_CONVERSION = YES;
				CLANG_WARN_INFINITE_RECURSION = YES;
				CLANG_WARN_INT_CONVERSION = YES;
				CLANG_WARN_NON_LITERAL_NULL_CONVERSION = YES;
				CLANG_WARN_OBJC_IMPLICIT_RETAIN_SELF = YES;
				CLANG_WARN_OBJC_LITERAL_CONVERSION = YES;
				CLANG_WARN_OBJC_ROOT_CLASS = YES_ERROR;
				CLANG_WARN_QUOTED_INCLUDE_IN_FRAMEWORK_HEADER = YES;
				CLANG_WARN_RANGE_LOOP_ANALYSIS = YES;
				CLANG_WARN_STRICT_PROTOTYPES = YES;
				CLANG_WARN_SUSPICIOUS_MOVE = YES;
				CLANG_WARN_UNGUARDED_AVAILABILITY = YES_AGGRESSIVE;
				CLANG_WARN_UNREACHABLE_CODE = YES;
				CLANG_WARN__DUPLICATE_METHOD_MATCH = YES;
				COPY_PHASE_STRIP = NO;
				DEBUG_INFORMATION_FORMAT = dwarf;
				ENABLE_STRICT_OBJC_MSGSEND = YES;
				ENABLE_TESTABILITY = YES;
				ENABLE_USER_SCRIPT_SANDBOXING = YES;
				GCC_C_LANGUAGE_STANDARD = gnu11;
				GCC_DYNAMIC_NO_PIC = NO;
				GCC_NO_COMMON_BLOCKS = YES;
				GCC_OPTIMIZATION_LEVEL = 0;
				GCC_PREPROCESSOR_DEFINITIONS = (
					"DEBUG=1",
					"$(inherited)",
				);
				GCC_WARN_64_TO_32_BIT_CONVERSION = YES;
				GCC_WARN_ABOUT_RETURN_TYPE = YES_ERROR;
				GCC_WARN_UNDECLARED_SELECTOR = YES;
				GCC_WARN_UNINITIALIZED_AUTOS = YES_AGGRESSIVE;
				GCC_WARN_UNUSED_FUNCTION = YES;
				GCC_WARN_UNUSED_VARIABLE = YES;
				IPHONEOS_DEPLOYMENT_TARGET = 12.0;
				MACOSX_DEPLOYMENT_TARGET = 10.13;
				MTL_ENABLE_DEBUG_INFO = INCLUDE_SOURCE;
				MTL_FAST_MATH = YES;
				ONLY_ACTIVE_ARCH = YES;
				SDKROOT = iphoneos;
				TVOS_DEPLOYMENT_TARGET = 13.0;
				WATCHOS_DEPLOYMENT_TARGET = 4.0;
				XROS_DEPLOYMENT_TARGET = 1.0;
			};
			name = Debug;
		};
		CB9563E023AB2D9500ACCD39 /* Release */ = {
			isa = XCBuildConfiguration;
			buildSettings = {
				ALWAYS_SEARCH_USER_PATHS = NO;
				ASSETCATALOG_COMPILER_GENERATE_SWIFT_ASSET_SYMBOL_EXTENSIONS = YES;
				CLANG_ANALYZER_NONNULL = YES;
				CLANG_ANALYZER_NUMBER_OBJECT_CONVERSION = YES_AGGRESSIVE;
				CLANG_CXX_LANGUAGE_STANDARD = "gnu++14";
				CLANG_CXX_LIBRARY = "libc++";
				CLANG_ENABLE_MODULES = YES;
				CLANG_ENABLE_OBJC_ARC = YES;
				CLANG_ENABLE_OBJC_WEAK = YES;
				CLANG_WARN_BLOCK_CAPTURE_AUTORELEASING = YES;
				CLANG_WARN_BOOL_CONVERSION = YES;
				CLANG_WARN_COMMA = YES;
				CLANG_WARN_CONSTANT_CONVERSION = YES;
				CLANG_WARN_DEPRECATED_OBJC_IMPLEMENTATIONS = YES;
				CLANG_WARN_DIRECT_OBJC_ISA_USAGE = YES_ERROR;
				CLANG_WARN_DOCUMENTATION_COMMENTS = YES;
				CLANG_WARN_EMPTY_BODY = YES;
				CLANG_WARN_ENUM_CONVERSION = YES;
				CLANG_WARN_INFINITE_RECURSION = YES;
				CLANG_WARN_INT_CONVERSION = YES;
				CLANG_WARN_NON_LITERAL_NULL_CONVERSION = YES;
				CLANG_WARN_OBJC_IMPLICIT_RETAIN_SELF = YES;
				CLANG_WARN_OBJC_LITERAL_CONVERSION = YES;
				CLANG_WARN_OBJC_ROOT_CLASS = YES_ERROR;
				CLANG_WARN_QUOTED_INCLUDE_IN_FRAMEWORK_HEADER = YES;
				CLANG_WARN_RANGE_LOOP_ANALYSIS = YES;
				CLANG_WARN_STRICT_PROTOTYPES = YES;
				CLANG_WARN_SUSPICIOUS_MOVE = YES;
				CLANG_WARN_UNGUARDED_AVAILABILITY = YES_AGGRESSIVE;
				CLANG_WARN_UNREACHABLE_CODE = YES;
				CLANG_WARN__DUPLICATE_METHOD_MATCH = YES;
				COPY_PHASE_STRIP = NO;
				DEBUG_INFORMATION_FORMAT = "dwarf-with-dsym";
				ENABLE_NS_ASSERTIONS = NO;
				ENABLE_STRICT_OBJC_MSGSEND = YES;
				ENABLE_USER_SCRIPT_SANDBOXING = YES;
				GCC_C_LANGUAGE_STANDARD = gnu11;
				GCC_NO_COMMON_BLOCKS = YES;
				GCC_WARN_64_TO_32_BIT_CONVERSION = YES;
				GCC_WARN_ABOUT_RETURN_TYPE = YES_ERROR;
				GCC_WARN_UNDECLARED_SELECTOR = YES;
				GCC_WARN_UNINITIALIZED_AUTOS = YES_AGGRESSIVE;
				GCC_WARN_UNUSED_FUNCTION = YES;
				GCC_WARN_UNUSED_VARIABLE = YES;
				IPHONEOS_DEPLOYMENT_TARGET = 12.0;
				MACOSX_DEPLOYMENT_TARGET = 10.13;
				MTL_ENABLE_DEBUG_INFO = NO;
				MTL_FAST_MATH = YES;
				SDKROOT = iphoneos;
				TVOS_DEPLOYMENT_TARGET = 13.0;
				VALIDATE_PRODUCT = YES;
				WATCHOS_DEPLOYMENT_TARGET = 4.0;
				XROS_DEPLOYMENT_TARGET = 1.0;
			};
			name = Release;
		};
		CB9563E223AB2D9500ACCD39 /* Debug */ = {
			isa = XCBuildConfiguration;
			buildSettings = {
				CLANG_CXX_LANGUAGE_STANDARD = "gnu++17";
				CLANG_WARN_IMPLICIT_SIGN_CONVERSION = YES;
				CLANG_WARN_SEMICOLON_BEFORE_METHOD_BODY = YES;
				CLANG_WARN_SUSPICIOUS_IMPLICIT_CONVERSION = YES;
				CODE_SIGN_STYLE = Automatic;
				DEAD_CODE_STRIPPING = YES;
				GCC_WARN_ABOUT_MISSING_FIELD_INITIALIZERS = YES;
				GCC_WARN_HIDDEN_VIRTUAL_FUNCTIONS = YES;
				GCC_WARN_INITIALIZER_NOT_FULLY_BRACKETED = YES;
				GCC_WARN_NON_VIRTUAL_DESTRUCTOR = YES;
				GCC_WARN_SHADOW = YES;
				GCC_WARN_SIGN_COMPARE = YES;
				GCC_WARN_UNUSED_PARAMETER = NO;
				MACOSX_DEPLOYMENT_TARGET = "$(RECOMMENDED_MACOSX_DEPLOYMENT_TARGET)";
				OTHER_LDFLAGS = "-ObjC";
				PRODUCT_NAME = "$(TARGET_NAME)";
				SDKROOT = "";
				SKIP_INSTALL = YES;
				SUPPORTED_PLATFORMS = "iphonesimulator iphoneos macosx appletvsimulator appletvos xrsimulator xros";
				TARGETED_DEVICE_FAMILY = "1,2,3";
			};
			name = Debug;
		};
		CB9563E323AB2D9500ACCD39 /* Release */ = {
			isa = XCBuildConfiguration;
			buildSettings = {
				CLANG_CXX_LANGUAGE_STANDARD = "gnu++17";
				CLANG_WARN_IMPLICIT_SIGN_CONVERSION = YES;
				CLANG_WARN_SEMICOLON_BEFORE_METHOD_BODY = YES;
				CLANG_WARN_SUSPICIOUS_IMPLICIT_CONVERSION = YES;
				CODE_SIGN_STYLE = Automatic;
				DEAD_CODE_STRIPPING = YES;
				GCC_PREPROCESSOR_DEFINITIONS = "NDEBUG=1";
				GCC_WARN_ABOUT_MISSING_FIELD_INITIALIZERS = YES;
				GCC_WARN_HIDDEN_VIRTUAL_FUNCTIONS = YES;
				GCC_WARN_INITIALIZER_NOT_FULLY_BRACKETED = YES;
				GCC_WARN_NON_VIRTUAL_DESTRUCTOR = YES;
				GCC_WARN_SHADOW = YES;
				GCC_WARN_SIGN_COMPARE = YES;
				GCC_WARN_UNUSED_PARAMETER = NO;
				MACOSX_DEPLOYMENT_TARGET = "$(RECOMMENDED_MACOSX_DEPLOYMENT_TARGET)";
				OTHER_LDFLAGS = "-ObjC";
				PRODUCT_NAME = "$(TARGET_NAME)";
				SDKROOT = "";
				SKIP_INSTALL = YES;
				SUPPORTED_PLATFORMS = "iphonesimulator iphoneos macosx appletvsimulator appletvos xrsimulator xros";
				TARGETED_DEVICE_FAMILY = "1,2,3";
			};
			name = Release;
		};
		CBF19074243D70BA001C82ED /* Debug */ = {
			isa = XCBuildConfiguration;
			buildSettings = {
				CLANG_CXX_LANGUAGE_STANDARD = "gnu++17";
				CLANG_WARN_IMPLICIT_SIGN_CONVERSION = YES;
				CLANG_WARN_SEMICOLON_BEFORE_METHOD_BODY = YES;
				CLANG_WARN_SUSPICIOUS_IMPLICIT_CONVERSION = YES;
				CODE_SIGN_STYLE = Automatic;
				GCC_WARN_ABOUT_MISSING_FIELD_INITIALIZERS = YES;
				GCC_WARN_HIDDEN_VIRTUAL_FUNCTIONS = YES;
				GCC_WARN_INITIALIZER_NOT_FULLY_BRACKETED = YES;
				GCC_WARN_NON_VIRTUAL_DESTRUCTOR = YES;
				GCC_WARN_SHADOW = YES;
				GCC_WARN_SIGN_COMPARE = YES;
				GCC_WARN_UNUSED_PARAMETER = NO;
				MACOSX_DEPLOYMENT_TARGET = "$(RECOMMENDED_MACOSX_DEPLOYMENT_TARGET)";
				OTHER_LDFLAGS = "-ObjC";
				PRODUCT_NAME = MMKVCore;
				SDKROOT = watchos;
				SKIP_INSTALL = YES;
				SUPPORTED_PLATFORMS = "watchsimulator watchos";
				TARGETED_DEVICE_FAMILY = 4;
			};
			name = Debug;
		};
		CBF19075243D70BA001C82ED /* Release */ = {
			isa = XCBuildConfiguration;
			buildSettings = {
				CLANG_CXX_LANGUAGE_STANDARD = "gnu++17";
				CLANG_WARN_IMPLICIT_SIGN_CONVERSION = YES;
				CLANG_WARN_SEMICOLON_BEFORE_METHOD_BODY = YES;
				CLANG_WARN_SUSPICIOUS_IMPLICIT_CONVERSION = YES;
				CODE_SIGN_STYLE = Automatic;
				GCC_PREPROCESSOR_DEFINITIONS = "NDEBUG=1";
				GCC_WARN_ABOUT_MISSING_FIELD_INITIALIZERS = YES;
				GCC_WARN_HIDDEN_VIRTUAL_FUNCTIONS = YES;
				GCC_WARN_INITIALIZER_NOT_FULLY_BRACKETED = YES;
				GCC_WARN_NON_VIRTUAL_DESTRUCTOR = YES;
				GCC_WARN_SHADOW = YES;
				GCC_WARN_SIGN_COMPARE = YES;
				GCC_WARN_UNUSED_PARAMETER = NO;
				MACOSX_DEPLOYMENT_TARGET = "$(RECOMMENDED_MACOSX_DEPLOYMENT_TARGET)";
				OTHER_LDFLAGS = "-ObjC";
				PRODUCT_NAME = MMKVCore;
				SDKROOT = watchos;
				SKIP_INSTALL = YES;
				SUPPORTED_PLATFORMS = "watchsimulator watchos";
				TARGETED_DEVICE_FAMILY = 4;
			};
			name = Release;
		};
/* End XCBuildConfiguration section */

/* Begin XCConfigurationList section */
		CB9563D323AB2D9500ACCD39 /* Build configuration list for PBXProject "Core" */ = {
			isa = XCConfigurationList;
			buildConfigurations = (
				CB9563DF23AB2D9500ACCD39 /* Debug */,
				CB9563E023AB2D9500ACCD39 /* Release */,
			);
			defaultConfigurationIsVisible = 0;
			defaultConfigurationName = Release;
		};
		CB9563E123AB2D9500ACCD39 /* Build configuration list for PBXNativeTarget "MMKVCore" */ = {
			isa = XCConfigurationList;
			buildConfigurations = (
				CB9563E223AB2D9500ACCD39 /* Debug */,
				CB9563E323AB2D9500ACCD39 /* Release */,
			);
			defaultConfigurationIsVisible = 0;
			defaultConfigurationName = Release;
		};
		CBF19073243D70BA001C82ED /* Build configuration list for PBXNativeTarget "MMKVWatchCore" */ = {
			isa = XCConfigurationList;
			buildConfigurations = (
				CBF19074243D70BA001C82ED /* Debug */,
				CBF19075243D70BA001C82ED /* Release */,
			);
			defaultConfigurationIsVisible = 0;
			defaultConfigurationName = Release;
		};
/* End XCConfigurationList section */
	};
	rootObject = CB9563D023AB2D9500ACCD39 /* Project object */;
}
