<?xml version="1.0" encoding="utf-8"?>
<Project ToolsVersion="14.0" xmlns="http://schemas.microsoft.com/developer/msbuild/2003">
  <ItemGroup>
    <ClCompile Include="Z:\mmkv\Core\MMKV.cpp">
      <Filter>Source Files</Filter>
    </ClCompile>
    <ClCompile Include="Z:\mmkv\Core\MMKV_Android.cpp">
      <Filter>Source Files</Filter>
    </ClCompile>
    <ClCompile Include="Z:\mmkv\Core\MMKVLog.cpp">
      <Filter>Source Files</Filter>
    </ClCompile>
    <ClCompile Include="Z:\mmkv\Core\MMKVLog_Android.cpp">
      <Filter>Source Files</Filter>
    </ClCompile>
    <ClCompile Include="Z:\mmkv\Core\CodedInputData.cpp">
      <Filter>Source Files</Filter>
    </ClCompile>
    <ClCompile Include="Z:\mmkv\Core\CodedOutputData.cpp">
      <Filter>Source Files</Filter>
    </ClCompile>
    <ClCompile Include="Z:\mmkv\Core\PBUtility.cpp">
      <Filter>Source Files</Filter>
    </ClCompile>
    <ClCompile Include="Z:\mmkv\Core\MiniPBCoder.cpp">
      <Filter>Source Files</Filter>
    </ClCompile>
    <ClCompile Include="Z:\mmkv\Core\MMBuffer.cpp">
      <Filter>Source Files</Filter>
    </ClCompile>
    <ClCompile Include="Z:\mmkv\Core\InterProcessLock.cpp">
      <Filter>Source Files</Filter>
    </ClCompile>
    <ClCompile Include="Z:\mmkv\Core\MemoryFile.cpp">
      <Filter>Source Files</Filter>
    </ClCompile>
    <ClCompile Include="Z:\mmkv\Core\MemoryFile_Android.cpp">
      <Filter>Source Files</Filter>
    </ClCompile>
    <ClCompile Include="Z:\mmkv\Core\ThreadLock.cpp">
      <Filter>Source Files</Filter>
    </ClCompile>
    <ClCompile Include="Z:\mmkv\Core\aes\AESCrypt.cpp">
      <Filter>Source Files</Filter>
    </ClCompile>
    <ClCompile Include="Z:\mmkv\Core\aes\openssl\aes_cfb.c">
      <Filter>Source Files</Filter>
    </ClCompile>
    <ClCompile Include="Z:\mmkv\Core\aes\openssl\aes_core.c">
      <Filter>Source Files</Filter>
    </ClCompile>
    <ClCompile Include="Z:\mmkv\Core\aes\openssl\cfb128.c">
      <Filter>Source Files</Filter>
    </ClCompile>
    <ClCompile Include="Z:\mmkv\Core\aes\openssl\md5_dgst.c">
      <Filter>Source Files</Filter>
    </ClCompile>
    <ClCompile Include="Z:\mmkv\Core\aes\openssl\md5_one.c">
      <Filter>Source Files</Filter>
    </ClCompile>
    <ClCompile Include="Z:\mmkv\Core\crc32\zlib\crc32.cpp">
      <Filter>Source Files</Filter>
    </ClCompile>
    <ClCompile Include="MemoryFile_Win32.cpp">
      <Filter>Source Files</Filter>
    </ClCompile>
  </ItemGroup>
  <ItemGroup>
    <ClInclude Include="Z:\mmkv\Core\MMKV.h">
      <Filter>Header Files</Filter>
    </ClInclude>
    <ClInclude Include="Z:\mmkv\Core\MMKVLog.h">
      <Filter>Header Files</Filter>
    </ClInclude>
    <ClInclude Include="Z:\mmkv\Core\CodedInputData.h">
      <Filter>Header Files</Filter>
    </ClInclude>
    <ClInclude Include="Z:\mmkv\Core\CodedOutputData.h">
      <Filter>Header Files</Filter>
    </ClInclude>
    <ClInclude Include="Z:\mmkv\Core\PBUtility.h">
      <Filter>Header Files</Filter>
    </ClInclude>
    <ClInclude Include="Z:\mmkv\Core\MiniPBCoder.h">
      <Filter>Header Files</Filter>
    </ClInclude>
    <ClInclude Include="Z:\mmkv\Core\MMBuffer.h">
      <Filter>Header Files</Filter>
    </ClInclude>
    <ClInclude Include="Z:\mmkv\Core\InterProcessLock.h">
      <Filter>Header Files</Filter>
    </ClInclude>
    <ClInclude Include="Z:\mmkv\Core\MemoryFile.h">
      <Filter>Header Files</Filter>
    </ClInclude>
    <ClInclude Include="Z:\mmkv\Core\ThreadLock.h">
      <Filter>Header Files</Filter>
    </ClInclude>
    <ClInclude Include="Z:\mmkv\Core\MMKVMetaInfo.hpp">
      <Filter>Header Files</Filter>
    </ClInclude>
    <ClInclude Include="Z:\mmkv\Core\aes\AESCrypt.h">
      <Filter>Header Files</Filter>
    </ClInclude>
    <ClInclude Include="Z:\mmkv\Core\aes\openssl\aes.h">
      <Filter>Header Files</Filter>
    </ClInclude>
    <ClInclude Include="Z:\mmkv\Core\aes\openssl\aes_locl.h">
      <Filter>Header Files</Filter>
    </ClInclude>
    <ClInclude Include="Z:\mmkv\Core\aes\openssl\modes.h">
      <Filter>Header Files</Filter>
    </ClInclude>
    <ClInclude Include="Z:\mmkv\Core\aes\openssl\opensslconf.h">
      <Filter>Header Files</Filter>
    </ClInclude>
    <ClInclude Include="Z:\mmkv\Core\aes\openssl\md5_locl.h">
      <Filter>Header Files</Filter>
    </ClInclude>
    <ClInclude Include="Z:\mmkv\Core\aes\openssl\md5.h">
      <Filter>Header Files</Filter>
    </ClInclude>
    <ClInclude Include="Z:\mmkv\Core\aes\openssl\md32_common.h">
      <Filter>Header Files</Filter>
    </ClInclude>
    <ClInclude Include="Z:\mmkv\Core\crc32\Checksum.h">
      <Filter>Header Files</Filter>
    </ClInclude>
    <ClInclude Include="Z:\mmkv\Core\crc32\zlib\zconf.h">
      <Filter>Header Files</Filter>
    </ClInclude>
    <ClInclude Include="Z:\mmkv\Core\crc32\zlib\zutil.h">
      <Filter>Header Files</Filter>
    </ClInclude>
    <ClInclude Include="Z:\mmkv\Core\crc32\zlib\crc32.h">
      <Filter>Header Files</Filter>
    </ClInclude>
    <ClInclude Include="Z:\mmkv\Core\MMKVPredef.h">
      <Filter>Header Files</Filter>
    </ClInclude>
  </ItemGroup>
  <ItemGroup>
    <CustomBuild Include="Z:\mmkv\Core\CMakeLists.txt" />
  </ItemGroup>
  <ItemGroup>
    <Filter Include="Header Files">
      <UniqueIdentifier>{A23FB4D7-B12B-3111-88E9-80ECCF93DBA8}</UniqueIdentifier>
    </Filter>
    <Filter Include="Source Files">
      <UniqueIdentifier>{047F57F7-8EBB-3570-BBF5-21BCA0934FD5}</UniqueIdentifier>
    </Filter>
  </ItemGroup>
</Project>